// !$*UTF8*$!
{
	archiveVersion = 1;
	classes = {
	};
	objectVersion = 56;
	objects = {

/* Begin PBXBuildFile section */
		720ED1DB2AF279E300FEA01C /* Persistence_SimulatorFarm.swift in Sources */ = {isa = PBXBuildFile; fileRef = 720ED1DA2AF279E300FEA01C /* Persistence_SimulatorFarm.swift */; };
		721F7CF72B0CE004006E1397 /* CircleLoader.swift in Sources */ = {isa = PBXBuildFile; fileRef = 721F7CF62B0CE004006E1397 /* CircleLoader.swift */; };
		721F7CF92B0CE923006E1397 /* LoadingView_SimulatorFarm.swift in Sources */ = {isa = PBXBuildFile; fileRef = 721F7CF82B0CE922006E1397 /* LoadingView_SimulatorFarm.swift */; };
		721F7CFB2B0CFF19006E1397 /* CustomAlertsView.swift in Sources */ = {isa = PBXBuildFile; fileRef = 721F7CFA2B0CFF19006E1397 /* CustomAlertsView.swift */; };
		72567C5D2ADD64D2008C324B /* FarmsView_SimulatorFarm.swift in Sources */ = {isa = PBXBuildFile; fileRef = 72567C5C2ADD64D2008C324B /* FarmsView_SimulatorFarm.swift */; };
		72567C5F2ADD64F0008C324B /* MapsView_SimulatorFarm.swift in Sources */ = {isa = PBXBuildFile; fileRef = 72567C5E2ADD64F0008C324B /* MapsView_SimulatorFarm.swift */; };
		72567C612ADD650E008C324B /* SettingsView_SimulatorFarm.swift in Sources */ = {isa = PBXBuildFile; fileRef = 72567C602ADD650E008C324B /* SettingsView_SimulatorFarm.swift */; };
		7285F6472ADEAE21005C8E8E /* ModsDetailView_SimulatorFarm.swift in Sources */ = {isa = PBXBuildFile; fileRef = 7285F6462ADEAE21005C8E8E /* ModsDetailView_SimulatorFarm.swift */; };
		7285F64B2ADF2FD4005C8E8E /* FilterType_SimulatorFarm.swift in Sources */ = {isa = PBXBuildFile; fileRef = 7285F64A2ADF2FD4005C8E8E /* FilterType_SimulatorFarm.swift */; };
		7285F64D2AE1539D005C8E8E /* FilterView_SimulatorFarm.swift in Sources */ = {isa = PBXBuildFile; fileRef = 7285F64C2AE1539D005C8E8E /* FilterView_SimulatorFarm.swift */; };
		7285F64F2AE2A785005C8E8E /* FarmDetailView_SimulatorFarm.swift in Sources */ = {isa = PBXBuildFile; fileRef = 7285F64E2AE2A785005C8E8E /* FarmDetailView_SimulatorFarm.swift */; };
		7285F6512AE2E618005C8E8E /* SplashScreenView_SimulatorFarm.swift in Sources */ = {isa = PBXBuildFile; fileRef = 7285F6502AE2E618005C8E8E /* SplashScreenView_SimulatorFarm.swift */; };
		7285F6532AE5C837005C8E8E /* SearchView_SimulatorFarm.swift in Sources */ = {isa = PBXBuildFile; fileRef = 7285F6522AE5C837005C8E8E /* SearchView_SimulatorFarm.swift */; };
		7285F6552AE5DB08005C8E8E /* FarmItemView_SimulatorFarm.swift in Sources */ = {isa = PBXBuildFile; fileRef = 7285F6542AE5DB08005C8E8E /* FarmItemView_SimulatorFarm.swift */; };
		7285F6572AE5DD56005C8E8E /* FarmModel_SimulatorFarm.swift in Sources */ = {isa = PBXBuildFile; fileRef = 7285F6562AE5DD56005C8E8E /* FarmModel_SimulatorFarm.swift */; };
		7287ACB62AF0533A00657FD8 /* CategoryIndicatorView_SimulatorFarm.swift in Sources */ = {isa = PBXBuildFile; fileRef = 7287ACB52AF0533A00657FD8 /* CategoryIndicatorView_SimulatorFarm.swift */; };
		7287ACB82AF0F20700657FD8 /* Constants_SimulatorFarm.swift in Sources */ = {isa = PBXBuildFile; fileRef = 7287ACB72AF0F20700657FD8 /* Constants_SimulatorFarm.swift */; };
		7287ACBC2AF120C900657FD8 /* Adjust in Frameworks */ = {isa = PBXBuildFile; productRef = 7287ACBB2AF120C900657FD8 /* Adjust */; };
		7287ACBF2AF122AF00657FD8 /* Pushwoosh in Frameworks */ = {isa = PBXBuildFile; productRef = 7287ACBE2AF122AF00657FD8 /* Pushwoosh */; };
		7287AD0B2AF1315600657FD8 /* RequestManager_SimulatorFarm.swift in Sources */ = {isa = PBXBuildFile; fileRef = 7287ACF22AF1315300657FD8 /* RequestManager_SimulatorFarm.swift */; };
		7287AD112AF1315600657FD8 /* AppConstants_SimulatorFarm.swift in Sources */ = {isa = PBXBuildFile; fileRef = 7287ACF92AF1315400657FD8 /* AppConstants_SimulatorFarm.swift */; };
		7287AD122AF1315600657FD8 /* DMSans-Medium.ttf in Resources */ = {isa = PBXBuildFile; fileRef = 7287ACFB2AF1315600657FD8 /* DMSans-Medium.ttf */; };
		7287AD132AF1315600657FD8 /* DMSans-Bold.ttf in Resources */ = {isa = PBXBuildFile; fileRef = 7287ACFC2AF1315600657FD8 /* DMSans-Bold.ttf */; };
		7287AD142AF1315600657FD8 /* Caveat-Bold.ttf in Resources */ = {isa = PBXBuildFile; fileRef = 7287ACFD2AF1315600657FD8 /* Caveat-Bold.ttf */; };
		7287AD152AF1315600657FD8 /* Poppins-Medium.ttf in Resources */ = {isa = PBXBuildFile; fileRef = 7287ACFE2AF1315600657FD8 /* Poppins-Medium.ttf */; };
		7287AD162AF1315600657FD8 /* SF-Pro-Display-Medium.otf in Resources */ = {isa = PBXBuildFile; fileRef = 7287ACFF2AF1315600657FD8 /* SF-Pro-Display-Medium.otf */; };
		7287AD192AF1315600657FD8 /* Bitter-Regular.ttf in Resources */ = {isa = PBXBuildFile; fileRef = 7287AD022AF1315600657FD8 /* Bitter-Regular.ttf */; };
		7287AD1A2AF1315600657FD8 /* FontsFree-Net-SFProDisplay-Regular.ttf in Resources */ = {isa = PBXBuildFile; fileRef = 7287AD032AF1315600657FD8 /* FontsFree-Net-SFProDisplay-Regular.ttf */; };
		7287AD1B2AF1315600657FD8 /* SFProText-Bold.ttf in Resources */ = {isa = PBXBuildFile; fileRef = 7287AD042AF1315600657FD8 /* SFProText-Bold.ttf */; };
		728A1D502AF438BB00577F5D /* NotificationService.swift in Sources */ = {isa = PBXBuildFile; fileRef = 728A1D4F2AF438BB00577F5D /* NotificationService.swift */; };
		728A1D542AF438BB00577F5D /* NotifService.appex in Embed Foundation Extensions */ = {isa = PBXBuildFile; fileRef = 728A1D4D2AF438BB00577F5D /* NotifService.appex */; settings = {ATTRIBUTES = (RemoveHeadersOnCopy, ); }; };
		728AA3F72AF53399001B3FCA /* Montserrat-BoldItalic.ttf in Resources */ = {isa = PBXBuildFile; fileRef = 728AA3F62AF53399001B3FCA /* Montserrat-BoldItalic.ttf */; };
		72926CC52ADD5EC300F4B4E3 /* ModsView_SimulatorFarm.swift in Sources */ = {isa = PBXBuildFile; fileRef = 72926CC42ADD5EC300F4B4E3 /* ModsView_SimulatorFarm.swift */; };
		72926CC72ADD5EEB00F4B4E3 /* ModsModel_SimulatorFarm.swift in Sources */ = {isa = PBXBuildFile; fileRef = 72926CC62ADD5EEB00F4B4E3 /* ModsModel_SimulatorFarm.swift */; };
		729DA3C42AFE509E00D8190E /* Montserrat-Bold.ttf in Resources */ = {isa = PBXBuildFile; fileRef = 729DA3C32AFE509D00D8190E /* Montserrat-Bold.ttf */; };
		729DA3C62AFE511E00D8190E /* Montserrat-SemiBold.ttf in Resources */ = {isa = PBXBuildFile; fileRef = 729DA3C52AFE511D00D8190E /* Montserrat-SemiBold.ttf */; };
		729DA3C82AFE513C00D8190E /* Montserrat.ttf in Resources */ = {isa = PBXBuildFile; fileRef = 729DA3C72AFE513C00D8190E /* Montserrat.ttf */; };
		729DA3CA2AFE55F600D8190E /* Montserrat-Medium.ttf in Resources */ = {isa = PBXBuildFile; fileRef = 729DA3C92AFE55F600D8190E /* Montserrat-Medium.ttf */; };
		72AD4A002AEA4E2400784D8A /* FarmItemViewModel_SimulatorFarm.swift in Sources */ = {isa = PBXBuildFile; fileRef = 72AD49FF2AEA4E2400784D8A /* FarmItemViewModel_SimulatorFarm.swift */; };
		72AD4A042AEA714E00784D8A /* FarmsViewModel_SimulatorFarm.swift in Sources */ = {isa = PBXBuildFile; fileRef = 72AD4A032AEA714E00784D8A /* FarmsViewModel_SimulatorFarm.swift */; };
		72AD4A062AEAA5CD00784D8A /* ModsViewModel_SimulatorFarm.swift in Sources */ = {isa = PBXBuildFile; fileRef = 72AD4A052AEAA5CC00784D8A /* ModsViewModel_SimulatorFarm.swift */; };
		72AD4A082AEAA5FA00784D8A /* ModItemViewModel_SimulatorFarm.swift in Sources */ = {isa = PBXBuildFile; fileRef = 72AD4A072AEAA5FA00784D8A /* ModItemViewModel_SimulatorFarm.swift */; };
		72AD4A0B2AEABCEB00784D8A /* MapsViewModel_SimulatorFarm.swift in Sources */ = {isa = PBXBuildFile; fileRef = 72AD4A0A2AEABCEB00784D8A /* MapsViewModel_SimulatorFarm.swift */; };
		72AD4A0D2AEABD0700784D8A /* MapItemViewModel_SimulatorFarm.swift in Sources */ = {isa = PBXBuildFile; fileRef = 72AD4A0C2AEABD0700784D8A /* MapItemViewModel_SimulatorFarm.swift */; };
		72AD4A102AEBDCB300784D8A /* SwiftyDropbox in Frameworks */ = {isa = PBXBuildFile; productRef = 72AD4A0F2AEBDCB300784D8A /* SwiftyDropbox */; };
		72AD4A122AEFB88100784D8A /* DropBoxManager_SimulatorFarm.swift in Sources */ = {isa = PBXBuildFile; fileRef = 72AD4A112AEFB88100784D8A /* DropBoxManager_SimulatorFarm.swift */; };
		72B7BB6E2AE7DC7C00086D7C /* MapsModel_SimulatorFarm.swift in Sources */ = {isa = PBXBuildFile; fileRef = 72B7BB6D2AE7DC7C00086D7C /* MapsModel_SimulatorFarm.swift */; };
		72B7BB7B2AE7E3F600086D7C /* MapItemView_SimulatorFarm.swift in Sources */ = {isa = PBXBuildFile; fileRef = 72B7BB7A2AE7E3F600086D7C /* MapItemView_SimulatorFarm.swift */; };
		72B7BB7D2AE7E4FD00086D7C /* MapsDetailView_SimulatorFarm.swift in Sources */ = {isa = PBXBuildFile; fileRef = 72B7BB7C2AE7E4FD00086D7C /* MapsDetailView_SimulatorFarm.swift */; };
		72B7BB802AE7EDE600086D7C /* ModItemView_SimulatorFarm.swift in Sources */ = {isa = PBXBuildFile; fileRef = 72B7BB7F2AE7EDE600086D7C /* ModItemView_SimulatorFarm.swift */; };
		72F381892ADD3D80005549F1 /* mods_farming_simulator22App.swift in Sources */ = {isa = PBXBuildFile; fileRef = 72F381882ADD3D80005549F1 /* mods_farming_simulator22App.swift */; };
		72F3818B2ADD3D80005549F1 /* FarmSimulation.swift in Sources */ = {isa = PBXBuildFile; fileRef = 72F3818A2ADD3D80005549F1 /* FarmSimulation.swift */; };
		72F3818D2ADD3D86005549F1 /* Assets.xcassets in Resources */ = {isa = PBXBuildFile; fileRef = 72F3818C2ADD3D86005549F1 /* Assets.xcassets */; };
		72F381902ADD3D86005549F1 /* Preview Assets.xcassets in Resources */ = {isa = PBXBuildFile; fileRef = 72F3818F2ADD3D86005549F1 /* Preview Assets.xcassets */; };
		72F381952ADD3D86005549F1 /* mods_farming_simulator22.xcdatamodeld in Sources */ = {isa = PBXBuildFile; fileRef = 72F381932ADD3D86005549F1 /* mods_farming_simulator22.xcdatamodeld */; };
		72FC3A202AFD051B00046985 /* NetworkManager_SimulatorFarm.swift in Sources */ = {isa = PBXBuildFile; fileRef = 72FC3A1F2AFD051B00046985 /* NetworkManager_SimulatorFarm.swift */; };
/* End PBXBuildFile section */

/* Begin PBXContainerItemProxy section */
		728A1D522AF438BB00577F5D /* PBXContainerItemProxy */ = {
			isa = PBXContainerItemProxy;
			containerPortal = 72F3817D2ADD3D80005549F1 /* Project object */;
			proxyType = 1;
			remoteGlobalIDString = 728A1D4C2AF438BB00577F5D;
			remoteInfo = NotifService;
		};
/* End PBXContainerItemProxy section */

/* Begin PBXCopyFilesBuildPhase section */
		72DC452A2AF134C200669060 /* Embed Foundation Extensions */ = {
			isa = PBXCopyFilesBuildPhase;
			buildActionMask = 2147483647;
			dstPath = "";
			dstSubfolderSpec = 13;
			files = (
				728A1D542AF438BB00577F5D /* NotifService.appex in Embed Foundation Extensions */,
			);
			name = "Embed Foundation Extensions";
			runOnlyForDeploymentPostprocessing = 0;
		};
/* End PBXCopyFilesBuildPhase section */

/* Begin PBXFileReference section */
		720ED1DA2AF279E300FEA01C /* Persistence_SimulatorFarm.swift */ = {isa = PBXFileReference; fileEncoding = 4; lastKnownFileType = sourcecode.swift; path = Persistence_SimulatorFarm.swift; sourceTree = "<group>"; };
		721F7CF62B0CE004006E1397 /* CircleLoader.swift */ = {isa = PBXFileReference; lastKnownFileType = sourcecode.swift; path = CircleLoader.swift; sourceTree = "<group>"; };
		721F7CF82B0CE922006E1397 /* LoadingView_SimulatorFarm.swift */ = {isa = PBXFileReference; lastKnownFileType = sourcecode.swift; path = LoadingView_SimulatorFarm.swift; sourceTree = "<group>"; };
		721F7CFA2B0CFF19006E1397 /* CustomAlertsView.swift */ = {isa = PBXFileReference; lastKnownFileType = sourcecode.swift; path = CustomAlertsView.swift; sourceTree = "<group>"; };
		72567C5C2ADD64D2008C324B /* FarmsView_SimulatorFarm.swift */ = {isa = PBXFileReference; lastKnownFileType = sourcecode.swift; path = FarmsView_SimulatorFarm.swift; sourceTree = "<group>"; };
		72567C5E2ADD64F0008C324B /* MapsView_SimulatorFarm.swift */ = {isa = PBXFileReference; lastKnownFileType = sourcecode.swift; path = MapsView_SimulatorFarm.swift; sourceTree = "<group>"; };
		72567C602ADD650E008C324B /* SettingsView_SimulatorFarm.swift */ = {isa = PBXFileReference; lastKnownFileType = sourcecode.swift; path = SettingsView_SimulatorFarm.swift; sourceTree = "<group>"; };
		7285F6462ADEAE21005C8E8E /* ModsDetailView_SimulatorFarm.swift */ = {isa = PBXFileReference; lastKnownFileType = sourcecode.swift; path = ModsDetailView_SimulatorFarm.swift; sourceTree = "<group>"; };
		7285F64A2ADF2FD4005C8E8E /* FilterType_SimulatorFarm.swift */ = {isa = PBXFileReference; lastKnownFileType = sourcecode.swift; path = FilterType_SimulatorFarm.swift; sourceTree = "<group>"; };
		7285F64C2AE1539D005C8E8E /* FilterView_SimulatorFarm.swift */ = {isa = PBXFileReference; lastKnownFileType = sourcecode.swift; path = FilterView_SimulatorFarm.swift; sourceTree = "<group>"; };
		7285F64E2AE2A785005C8E8E /* FarmDetailView_SimulatorFarm.swift */ = {isa = PBXFileReference; lastKnownFileType = sourcecode.swift; path = FarmDetailView_SimulatorFarm.swift; sourceTree = "<group>"; };
		7285F6502AE2E618005C8E8E /* SplashScreenView_SimulatorFarm.swift */ = {isa = PBXFileReference; lastKnownFileType = sourcecode.swift; path = SplashScreenView_SimulatorFarm.swift; sourceTree = "<group>"; };
		7285F6522AE5C837005C8E8E /* SearchView_SimulatorFarm.swift */ = {isa = PBXFileReference; lastKnownFileType = sourcecode.swift; path = SearchView_SimulatorFarm.swift; sourceTree = "<group>"; };
		7285F6542AE5DB08005C8E8E /* FarmItemView_SimulatorFarm.swift */ = {isa = PBXFileReference; lastKnownFileType = sourcecode.swift; path = FarmItemView_SimulatorFarm.swift; sourceTree = "<group>"; };
		7285F6562AE5DD56005C8E8E /* FarmModel_SimulatorFarm.swift */ = {isa = PBXFileReference; lastKnownFileType = sourcecode.swift; path = FarmModel_SimulatorFarm.swift; sourceTree = "<group>"; };
		7287ACB52AF0533A00657FD8 /* CategoryIndicatorView_SimulatorFarm.swift */ = {isa = PBXFileReference; lastKnownFileType = sourcecode.swift; path = CategoryIndicatorView_SimulatorFarm.swift; sourceTree = "<group>"; };
		7287ACB72AF0F20700657FD8 /* Constants_SimulatorFarm.swift */ = {isa = PBXFileReference; lastKnownFileType = sourcecode.swift; path = Constants_SimulatorFarm.swift; sourceTree = "<group>"; };
		7287ACF22AF1315300657FD8 /* RequestManager_SimulatorFarm.swift */ = {isa = PBXFileReference; fileEncoding = 4; lastKnownFileType = sourcecode.swift; path = RequestManager_SimulatorFarm.swift; sourceTree = "<group>"; };
		7287ACF92AF1315400657FD8 /* AppConstants_SimulatorFarm.swift */ = {isa = PBXFileReference; fileEncoding = 4; lastKnownFileType = sourcecode.swift; path = AppConstants_SimulatorFarm.swift; sourceTree = "<group>"; };
		7287ACFB2AF1315600657FD8 /* DMSans-Medium.ttf */ = {isa = PBXFileReference; lastKnownFileType = file; path = "DMSans-Medium.ttf"; sourceTree = "<group>"; };
		7287ACFC2AF1315600657FD8 /* DMSans-Bold.ttf */ = {isa = PBXFileReference; lastKnownFileType = file; path = "DMSans-Bold.ttf"; sourceTree = "<group>"; };
		7287ACFD2AF1315600657FD8 /* Caveat-Bold.ttf */ = {isa = PBXFileReference; lastKnownFileType = file; path = "Caveat-Bold.ttf"; sourceTree = "<group>"; };
		7287ACFE2AF1315600657FD8 /* Poppins-Medium.ttf */ = {isa = PBXFileReference; lastKnownFileType = file; path = "Poppins-Medium.ttf"; sourceTree = "<group>"; };
		7287ACFF2AF1315600657FD8 /* SF-Pro-Display-Medium.otf */ = {isa = PBXFileReference; lastKnownFileType = file; path = "SF-Pro-Display-Medium.otf"; sourceTree = "<group>"; };
		7287AD022AF1315600657FD8 /* Bitter-Regular.ttf */ = {isa = PBXFileReference; lastKnownFileType = file; path = "Bitter-Regular.ttf"; sourceTree = "<group>"; };
		7287AD032AF1315600657FD8 /* FontsFree-Net-SFProDisplay-Regular.ttf */ = {isa = PBXFileReference; lastKnownFileType = file; path = "FontsFree-Net-SFProDisplay-Regular.ttf"; sourceTree = "<group>"; };
		7287AD042AF1315600657FD8 /* SFProText-Bold.ttf */ = {isa = PBXFileReference; lastKnownFileType = file; path = "SFProText-Bold.ttf"; sourceTree = "<group>"; };
		728A1D4D2AF438BB00577F5D /* NotifService.appex */ = {isa = PBXFileReference; explicitFileType = "wrapper.app-extension"; includeInIndex = 0; path = NotifService.appex; sourceTree = BUILT_PRODUCTS_DIR; };
		728A1D4F2AF438BB00577F5D /* NotificationService.swift */ = {isa = PBXFileReference; lastKnownFileType = sourcecode.swift; path = NotificationService.swift; sourceTree = "<group>"; };
		728A1D512AF438BB00577F5D /* Info.plist */ = {isa = PBXFileReference; lastKnownFileType = text.plist.xml; path = Info.plist; sourceTree = "<group>"; };
		728A1D582AF438C800577F5D /* NotifService.entitlements */ = {isa = PBXFileReference; lastKnownFileType = text.plist.entitlements; path = NotifService.entitlements; sourceTree = "<group>"; };
		728AA3F62AF53399001B3FCA /* Montserrat-BoldItalic.ttf */ = {isa = PBXFileReference; lastKnownFileType = file; path = "Montserrat-BoldItalic.ttf"; sourceTree = "<group>"; };
		72926CC42ADD5EC300F4B4E3 /* ModsView_SimulatorFarm.swift */ = {isa = PBXFileReference; lastKnownFileType = sourcecode.swift; path = ModsView_SimulatorFarm.swift; sourceTree = "<group>"; };
		72926CC62ADD5EEB00F4B4E3 /* ModsModel_SimulatorFarm.swift */ = {isa = PBXFileReference; lastKnownFileType = sourcecode.swift; path = ModsModel_SimulatorFarm.swift; sourceTree = "<group>"; };
		729DA3C32AFE509D00D8190E /* Montserrat-Bold.ttf */ = {isa = PBXFileReference; lastKnownFileType = file; path = "Montserrat-Bold.ttf"; sourceTree = "<group>"; };
		729DA3C52AFE511D00D8190E /* Montserrat-SemiBold.ttf */ = {isa = PBXFileReference; lastKnownFileType = file; path = "Montserrat-SemiBold.ttf"; sourceTree = "<group>"; };
		729DA3C72AFE513C00D8190E /* Montserrat.ttf */ = {isa = PBXFileReference; lastKnownFileType = file; path = Montserrat.ttf; sourceTree = "<group>"; };
		729DA3C92AFE55F600D8190E /* Montserrat-Medium.ttf */ = {isa = PBXFileReference; lastKnownFileType = file; path = "Montserrat-Medium.ttf"; sourceTree = "<group>"; };
		72AD49FF2AEA4E2400784D8A /* FarmItemViewModel_SimulatorFarm.swift */ = {isa = PBXFileReference; lastKnownFileType = sourcecode.swift; path = FarmItemViewModel_SimulatorFarm.swift; sourceTree = "<group>"; };
		72AD4A032AEA714E00784D8A /* FarmsViewModel_SimulatorFarm.swift */ = {isa = PBXFileReference; lastKnownFileType = sourcecode.swift; path = FarmsViewModel_SimulatorFarm.swift; sourceTree = "<group>"; };
		72AD4A052AEAA5CC00784D8A /* ModsViewModel_SimulatorFarm.swift */ = {isa = PBXFileReference; lastKnownFileType = sourcecode.swift; path = ModsViewModel_SimulatorFarm.swift; sourceTree = "<group>"; };
		72AD4A072AEAA5FA00784D8A /* ModItemViewModel_SimulatorFarm.swift */ = {isa = PBXFileReference; lastKnownFileType = sourcecode.swift; path = ModItemViewModel_SimulatorFarm.swift; sourceTree = "<group>"; };
		72AD4A0A2AEABCEB00784D8A /* MapsViewModel_SimulatorFarm.swift */ = {isa = PBXFileReference; lastKnownFileType = sourcecode.swift; path = MapsViewModel_SimulatorFarm.swift; sourceTree = "<group>"; };
		72AD4A0C2AEABD0700784D8A /* MapItemViewModel_SimulatorFarm.swift */ = {isa = PBXFileReference; lastKnownFileType = sourcecode.swift; path = MapItemViewModel_SimulatorFarm.swift; sourceTree = "<group>"; };
		72AD4A112AEFB88100784D8A /* DropBoxManager_SimulatorFarm.swift */ = {isa = PBXFileReference; lastKnownFileType = sourcecode.swift; path = DropBoxManager_SimulatorFarm.swift; sourceTree = "<group>"; };
		72B113362AF44672005B803C /* Info.plist */ = {isa = PBXFileReference; lastKnownFileType = text.plist; path = Info.plist; sourceTree = "<group>"; };
		72B7BB6D2AE7DC7C00086D7C /* MapsModel_SimulatorFarm.swift */ = {isa = PBXFileReference; lastKnownFileType = sourcecode.swift; path = MapsModel_SimulatorFarm.swift; sourceTree = "<group>"; };
		72B7BB7A2AE7E3F600086D7C /* MapItemView_SimulatorFarm.swift */ = {isa = PBXFileReference; lastKnownFileType = sourcecode.swift; path = MapItemView_SimulatorFarm.swift; sourceTree = "<group>"; };
		72B7BB7C2AE7E4FD00086D7C /* MapsDetailView_SimulatorFarm.swift */ = {isa = PBXFileReference; lastKnownFileType = sourcecode.swift; path = MapsDetailView_SimulatorFarm.swift; sourceTree = "<group>"; };
		72B7BB7F2AE7EDE600086D7C /* ModItemView_SimulatorFarm.swift */ = {isa = PBXFileReference; lastKnownFileType = sourcecode.swift; path = ModItemView_SimulatorFarm.swift; sourceTree = "<group>"; };
		72DC45172AF1345000669060 /* Farming Simulator 2022.entitlements */ = {isa = PBXFileReference; lastKnownFileType = text.plist.entitlements; path = "Farming Simulator 2022.entitlements"; sourceTree = "<group>"; };
		72F381852ADD3D80005549F1 /* Farming Simulator 2022.app */ = {isa = PBXFileReference; explicitFileType = wrapper.application; includeInIndex = 0; path = "Farming Simulator 2022.app"; sourceTree = BUILT_PRODUCTS_DIR; };
		72F381882ADD3D80005549F1 /* mods_farming_simulator22App.swift */ = {isa = PBXFileReference; lastKnownFileType = sourcecode.swift; path = mods_farming_simulator22App.swift; sourceTree = "<group>"; };
		72F3818A2ADD3D80005549F1 /* FarmSimulation.swift */ = {isa = PBXFileReference; lastKnownFileType = sourcecode.swift; path = FarmSimulation.swift; sourceTree = "<group>"; };
		72F3818C2ADD3D86005549F1 /* Assets.xcassets */ = {isa = PBXFileReference; lastKnownFileType = folder.assetcatalog; path = Assets.xcassets; sourceTree = "<group>"; };
		72F3818F2ADD3D86005549F1 /* Preview Assets.xcassets */ = {isa = PBXFileReference; lastKnownFileType = folder.assetcatalog; path = "Preview Assets.xcassets"; sourceTree = "<group>"; };
		72F381942ADD3D86005549F1 /* mods_farming_simulator22.xcdatamodel */ = {isa = PBXFileReference; lastKnownFileType = wrapper.xcdatamodel; path = mods_farming_simulator22.xcdatamodel; sourceTree = "<group>"; };
		72FC3A1F2AFD051B00046985 /* NetworkManager_SimulatorFarm.swift */ = {isa = PBXFileReference; lastKnownFileType = sourcecode.swift; path = NetworkManager_SimulatorFarm.swift; sourceTree = "<group>"; };
/* End PBXFileReference section */

/* Begin PBXFrameworksBuildPhase section */
		728A1D4A2AF438BB00577F5D /* Frameworks */ = {
			isa = PBXFrameworksBuildPhase;
			buildActionMask = 2147483647;
			files = (
			);
			runOnlyForDeploymentPostprocessing = 0;
		};
		72F381822ADD3D80005549F1 /* Frameworks */ = {
			isa = PBXFrameworksBuildPhase;
			buildActionMask = 2147483647;
			files = (
				72AD4A102AEBDCB300784D8A /* SwiftyDropbox in Frameworks */,
				7287ACBC2AF120C900657FD8 /* Adjust in Frameworks */,
				7287ACBF2AF122AF00657FD8 /* Pushwoosh in Frameworks */,
			);
			runOnlyForDeploymentPostprocessing = 0;
		};
/* End PBXFrameworksBuildPhase section */

/* Begin PBXGroup section */
		7285F6482ADF2FB0005C8E8E /* Utils */ = {
			isa = PBXGroup;
			children = (
				7285F64A2ADF2FD4005C8E8E /* FilterType_SimulatorFarm.swift */,
				7287ACB72AF0F20700657FD8 /* Constants_SimulatorFarm.swift */,
				72FC3A1F2AFD051B00046985 /* NetworkManager_SimulatorFarm.swift */,
			);
			path = Utils;
			sourceTree = "<group>";
		};
		7287ACFA2AF1315600657FD8 /* Resources */ = {
			isa = PBXGroup;
			children = (
				729DA3C92AFE55F600D8190E /* Montserrat-Medium.ttf */,
				729DA3C72AFE513C00D8190E /* Montserrat.ttf */,
				729DA3C52AFE511D00D8190E /* Montserrat-SemiBold.ttf */,
				729DA3C32AFE509D00D8190E /* Montserrat-Bold.ttf */,
				728AA3F62AF53399001B3FCA /* Montserrat-BoldItalic.ttf */,
				7287ACFB2AF1315600657FD8 /* DMSans-Medium.ttf */,
				7287ACFC2AF1315600657FD8 /* DMSans-Bold.ttf */,
				7287ACFD2AF1315600657FD8 /* Caveat-Bold.ttf */,
				7287ACFE2AF1315600657FD8 /* Poppins-Medium.ttf */,
				7287ACFF2AF1315600657FD8 /* SF-Pro-Display-Medium.otf */,
				7287AD022AF1315600657FD8 /* Bitter-Regular.ttf */,
				7287AD032AF1315600657FD8 /* FontsFree-Net-SFProDisplay-Regular.ttf */,
				7287AD042AF1315600657FD8 /* SFProText-Bold.ttf */,
			);
			path = Resources;
			sourceTree = "<group>";
		};
		728A1D4E2AF438BB00577F5D /* NotifService */ = {
			isa = PBXGroup;
			children = (
				728A1D582AF438C800577F5D /* NotifService.entitlements */,
				728A1D4F2AF438BB00577F5D /* NotificationService.swift */,
				728A1D512AF438BB00577F5D /* Info.plist */,
			);
			path = NotifService;
			sourceTree = "<group>";
		};
		72AD4A092AEAAA7500784D8A /* Mod */ = {
			isa = PBXGroup;
			children = (
				72B7BB7F2AE7EDE600086D7C /* ModItemView_SimulatorFarm.swift */,
				7285F6462ADEAE21005C8E8E /* ModsDetailView_SimulatorFarm.swift */,
				72926CC42ADD5EC300F4B4E3 /* ModsView_SimulatorFarm.swift */,
			);
			path = Mod;
			sourceTree = "<group>";
		};
		72B7BB6C2AE7CA1500086D7C /* Farms */ = {
			isa = PBXGroup;
			children = (
				7285F6542AE5DB08005C8E8E /* FarmItemView_SimulatorFarm.swift */,
				7285F64E2AE2A785005C8E8E /* FarmDetailView_SimulatorFarm.swift */,
				72567C5C2ADD64D2008C324B /* FarmsView_SimulatorFarm.swift */,
			);
			path = Farms;
			sourceTree = "<group>";
		};
		72B7BB7E2AE7ED7200086D7C /* Maps */ = {
			isa = PBXGroup;
			children = (
				72567C5E2ADD64F0008C324B /* MapsView_SimulatorFarm.swift */,
				72B7BB7A2AE7E3F600086D7C /* MapItemView_SimulatorFarm.swift */,
				72B7BB7C2AE7E4FD00086D7C /* MapsDetailView_SimulatorFarm.swift */,
			);
			path = Maps;
			sourceTree = "<group>";
		};
		72DC45182AF1348300669060 /* Frameworks */ = {
			isa = PBXGroup;
			children = (
			);
			name = Frameworks;
			sourceTree = "<group>";
		};
		72F3817C2ADD3D80005549F1 = {
			isa = PBXGroup;
			children = (
				72F381872ADD3D80005549F1 /* Farming Simulator 2022 */,
				728A1D4E2AF438BB00577F5D /* NotifService */,
				72F381862ADD3D80005549F1 /* Products */,
				72DC45182AF1348300669060 /* Frameworks */,
			);
			sourceTree = "<group>";
		};
		72F381862ADD3D80005549F1 /* Products */ = {
			isa = PBXGroup;
			children = (
				72F381852ADD3D80005549F1 /* Farming Simulator 2022.app */,
				728A1D4D2AF438BB00577F5D /* NotifService.appex */,
			);
			name = Products;
			sourceTree = "<group>";
		};
		72F381872ADD3D80005549F1 /* Farming Simulator 2022 */ = {
			isa = PBXGroup;
			children = (
				72B113362AF44672005B803C /* Info.plist */,
				72DC45172AF1345000669060 /* Farming Simulator 2022.entitlements */,
				7287ACF92AF1315400657FD8 /* AppConstants_SimulatorFarm.swift */,
				7287ACF22AF1315300657FD8 /* RequestManager_SimulatorFarm.swift */,
				7287ACFA2AF1315600657FD8 /* Resources */,
				72F3819B2ADD3DDA005549F1 /* Models */,
				72F3819C2ADD3DEA005549F1 /* Views */,
				72F3819D2ADD3DF2005549F1 /* ViewModels */,
				72F3819E2ADD3E04005549F1 /* Service */,
				7285F6482ADF2FB0005C8E8E /* Utils */,
				72F3818A2ADD3D80005549F1 /* FarmSimulation.swift */,
				72F381882ADD3D80005549F1 /* mods_farming_simulator22App.swift */,
				72F3818C2ADD3D86005549F1 /* Assets.xcassets */,
				72F3818E2ADD3D86005549F1 /* Preview Content */,
			);
			path = "Farming Simulator 2022";
			sourceTree = "<group>";
		};
		72F3818E2ADD3D86005549F1 /* Preview Content */ = {
			isa = PBXGroup;
			children = (
				72F3818F2ADD3D86005549F1 /* Preview Assets.xcassets */,
			);
			path = "Preview Content";
			sourceTree = "<group>";
		};
		72F3819B2ADD3DDA005549F1 /* Models */ = {
			isa = PBXGroup;
			children = (
				72926CC62ADD5EEB00F4B4E3 /* ModsModel_SimulatorFarm.swift */,
				7285F6562AE5DD56005C8E8E /* FarmModel_SimulatorFarm.swift */,
				72B7BB6D2AE7DC7C00086D7C /* MapsModel_SimulatorFarm.swift */,
			);
			path = Models;
			sourceTree = "<group>";
		};
		72F3819C2ADD3DEA005549F1 /* Views */ = {
			isa = PBXGroup;
			children = (
				72AD4A092AEAAA7500784D8A /* Mod */,
				72B7BB7E2AE7ED7200086D7C /* Maps */,
				72B7BB6C2AE7CA1500086D7C /* Farms */,
				72567C602ADD650E008C324B /* SettingsView_SimulatorFarm.swift */,
				7285F64C2AE1539D005C8E8E /* FilterView_SimulatorFarm.swift */,
				7285F6502AE2E618005C8E8E /* SplashScreenView_SimulatorFarm.swift */,
				7285F6522AE5C837005C8E8E /* SearchView_SimulatorFarm.swift */,
				7287ACB52AF0533A00657FD8 /* CategoryIndicatorView_SimulatorFarm.swift */,
				721F7CF62B0CE004006E1397 /* CircleLoader.swift */,
				721F7CF82B0CE922006E1397 /* LoadingView_SimulatorFarm.swift */,
				721F7CFA2B0CFF19006E1397 /* CustomAlertsView.swift */,
			);
			path = Views;
			sourceTree = "<group>";
		};
		72F3819D2ADD3DF2005549F1 /* ViewModels */ = {
			isa = PBXGroup;
			children = (
				72AD49FF2AEA4E2400784D8A /* FarmItemViewModel_SimulatorFarm.swift */,
				72AD4A032AEA714E00784D8A /* FarmsViewModel_SimulatorFarm.swift */,
				72AD4A052AEAA5CC00784D8A /* ModsViewModel_SimulatorFarm.swift */,
				72AD4A072AEAA5FA00784D8A /* ModItemViewModel_SimulatorFarm.swift */,
				72AD4A0A2AEABCEB00784D8A /* MapsViewModel_SimulatorFarm.swift */,
				72AD4A0C2AEABD0700784D8A /* MapItemViewModel_SimulatorFarm.swift */,
				72AD4A112AEFB88100784D8A /* DropBoxManager_SimulatorFarm.swift */,
			);
			path = ViewModels;
			sourceTree = "<group>";
		};
		72F3819E2ADD3E04005549F1 /* Service */ = {
			isa = PBXGroup;
			children = (
				720ED1DA2AF279E300FEA01C /* Persistence_SimulatorFarm.swift */,
				72F381932ADD3D86005549F1 /* mods_farming_simulator22.xcdatamodeld */,
			);
			path = Service;
			sourceTree = "<group>";
		};
/* End PBXGroup section */

/* Begin PBXNativeTarget section */
		728A1D4C2AF438BB00577F5D /* NotifService */ = {
			isa = PBXNativeTarget;
			buildConfigurationList = 728A1D552AF438BB00577F5D /* Build configuration list for PBXNativeTarget "NotifService" */;
			buildPhases = (
				728A1D492AF438BB00577F5D /* Sources */,
				728A1D4A2AF438BB00577F5D /* Frameworks */,
				728A1D4B2AF438BB00577F5D /* Resources */,
			);
			buildRules = (
			);
			dependencies = (
			);
			name = NotifService;
			productName = NotifService;
			productReference = 728A1D4D2AF438BB00577F5D /* NotifService.appex */;
			productType = "com.apple.product-type.app-extension";
		};
		72F381842ADD3D80005549F1 /* Farming Simulator 2022 */ = {
			isa = PBXNativeTarget;
			buildConfigurationList = 72F381982ADD3D86005549F1 /* Build configuration list for PBXNativeTarget "Farming Simulator 2022" */;
			buildPhases = (
				72F381812ADD3D80005549F1 /* Sources */,
				72F381822ADD3D80005549F1 /* Frameworks */,
				72F381832ADD3D80005549F1 /* Resources */,
				72DC452A2AF134C200669060 /* Embed Foundation Extensions */,
			);
			buildRules = (
			);
			dependencies = (
				728A1D532AF438BB00577F5D /* PBXTargetDependency */,
			);
			name = "Farming Simulator 2022";
			packageProductDependencies = (
				72AD4A0F2AEBDCB300784D8A /* SwiftyDropbox */,
				7287ACBB2AF120C900657FD8 /* Adjust */,
				7287ACBE2AF122AF00657FD8 /* Pushwoosh */,
			);
			productName = "Farming Simulator 2022";
			productReference = 72F381852ADD3D80005549F1 /* Farming Simulator 2022.app */;
			productType = "com.apple.product-type.application";
		};
/* End PBXNativeTarget section */

/* Begin PBXProject section */
		72F3817D2ADD3D80005549F1 /* Project object */ = {
			isa = PBXProject;
			attributes = {
				BuildIndependentTargetsInParallel = 1;
				LastSwiftUpdateCheck = 1430;
				LastUpgradeCheck = 1430;
				TargetAttributes = {
					728A1D4C2AF438BB00577F5D = {
						CreatedOnToolsVersion = 14.3;
					};
					72F381842ADD3D80005549F1 = {
						CreatedOnToolsVersion = 14.3;
					};
				};
			};
			buildConfigurationList = 72F381802ADD3D80005549F1 /* Build configuration list for PBXProject "Farming Simulator 2022" */;
			compatibilityVersion = "Xcode 14.0";
			developmentRegion = en;
			hasScannedForEncodings = 0;
			knownRegions = (
				en,
				Base,
				de,
				he,
				ar,
				el,
				"zh-Hans",
				ja,
				uk,
				nb,
				"en-GB",
				es,
				sl,
				da,
				"es-419",
				it,
				sk,
				"fr-CA",
				sr,
				ms,
				sv,
				cs,
				ko,
				"zh-Hant",
				hu,
				"en-AU",
				tr,
				pl,
				"pt-BR",
				vi,
				lv,
				lt,
				ru,
				fr,
				fi,
				id,
				nl,
				th,
				"pt-PT",
				ro,
				hr,
				hi,
				ca,
				"en-IN",
			);
			mainGroup = 72F3817C2ADD3D80005549F1;
			packageReferences = (
				72AD4A0E2AEBDCB300784D8A /* XCRemoteSwiftPackageReference "SwiftyDropbox" */,
				7287ACBA2AF120C800657FD8 /* XCRemoteSwiftPackageReference "ios_sdk" */,
				7287ACBD2AF122AF00657FD8 /* XCRemoteSwiftPackageReference "Pushwoosh-XCFramework" */,
			);
			productRefGroup = 72F381862ADD3D80005549F1 /* Products */;
			projectDirPath = "";
			projectRoot = "";
			targets = (
				72F381842ADD3D80005549F1 /* Farming Simulator 2022 */,
				728A1D4C2AF438BB00577F5D /* NotifService */,
			);
		};
/* End PBXProject section */

/* Begin PBXResourcesBuildPhase section */
		728A1D4B2AF438BB00577F5D /* Resources */ = {
			isa = PBXResourcesBuildPhase;
			buildActionMask = 2147483647;
			files = (
			);
			runOnlyForDeploymentPostprocessing = 0;
		};
		72F381832ADD3D80005549F1 /* Resources */ = {
			isa = PBXResourcesBuildPhase;
			buildActionMask = 2147483647;
			files = (
				72F381902ADD3D86005549F1 /* Preview Assets.xcassets in Resources */,
				7287AD1A2AF1315600657FD8 /* FontsFree-Net-SFProDisplay-Regular.ttf in Resources */,
				729DA3CA2AFE55F600D8190E /* Montserrat-Medium.ttf in Resources */,
				729DA3C62AFE511E00D8190E /* Montserrat-SemiBold.ttf in Resources */,
				729DA3C82AFE513C00D8190E /* Montserrat.ttf in Resources */,
				7287AD1B2AF1315600657FD8 /* SFProText-Bold.ttf in Resources */,
				728AA3F72AF53399001B3FCA /* Montserrat-BoldItalic.ttf in Resources */,
				7287AD162AF1315600657FD8 /* SF-Pro-Display-Medium.otf in Resources */,
				729DA3C42AFE509E00D8190E /* Montserrat-Bold.ttf in Resources */,
				72F3818D2ADD3D86005549F1 /* Assets.xcassets in Resources */,
				7287AD142AF1315600657FD8 /* Caveat-Bold.ttf in Resources */,
				7287AD192AF1315600657FD8 /* Bitter-Regular.ttf in Resources */,
				7287AD152AF1315600657FD8 /* Poppins-Medium.ttf in Resources */,
				7287AD132AF1315600657FD8 /* DMSans-Bold.ttf in Resources */,
				7287AD122AF1315600657FD8 /* DMSans-Medium.ttf in Resources */,
			);
			runOnlyForDeploymentPostprocessing = 0;
		};
/* End PBXResourcesBuildPhase section */

/* Begin PBXSourcesBuildPhase section */
		728A1D492AF438BB00577F5D /* Sources */ = {
			isa = PBXSourcesBuildPhase;
			buildActionMask = 2147483647;
			files = (
				728A1D502AF438BB00577F5D /* NotificationService.swift in Sources */,
			);
			runOnlyForDeploymentPostprocessing = 0;
		};
		72F381812ADD3D80005549F1 /* Sources */ = {
			isa = PBXSourcesBuildPhase;
			buildActionMask = 2147483647;
			files = (
				72B7BB6E2AE7DC7C00086D7C /* MapsModel_SimulatorFarm.swift in Sources */,
				72AD4A002AEA4E2400784D8A /* FarmItemViewModel_SimulatorFarm.swift in Sources */,
				721F7CFB2B0CFF19006E1397 /* CustomAlertsView.swift in Sources */,
				72FC3A202AFD051B00046985 /* NetworkManager_SimulatorFarm.swift in Sources */,
				72AD4A082AEAA5FA00784D8A /* ModItemViewModel_SimulatorFarm.swift in Sources */,
				7285F64D2AE1539D005C8E8E /* FilterView_SimulatorFarm.swift in Sources */,
				7285F6572AE5DD56005C8E8E /* FarmModel_SimulatorFarm.swift in Sources */,
				72926CC72ADD5EEB00F4B4E3 /* ModsModel_SimulatorFarm.swift in Sources */,
				72AD4A0D2AEABD0700784D8A /* MapItemViewModel_SimulatorFarm.swift in Sources */,
				7285F64B2ADF2FD4005C8E8E /* FilterType_SimulatorFarm.swift in Sources */,
				721F7CF72B0CE004006E1397 /* CircleLoader.swift in Sources */,
				72AD4A062AEAA5CD00784D8A /* ModsViewModel_SimulatorFarm.swift in Sources */,
				7287ACB62AF0533A00657FD8 /* CategoryIndicatorView_SimulatorFarm.swift in Sources */,
				7285F6532AE5C837005C8E8E /* SearchView_SimulatorFarm.swift in Sources */,
				7285F6472ADEAE21005C8E8E /* ModsDetailView_SimulatorFarm.swift in Sources */,
				7285F6512AE2E618005C8E8E /* SplashScreenView_SimulatorFarm.swift in Sources */,
				72B7BB7D2AE7E4FD00086D7C /* MapsDetailView_SimulatorFarm.swift in Sources */,
				72F3818B2ADD3D80005549F1 /* FarmSimulation.swift in Sources */,
				72AD4A0B2AEABCEB00784D8A /* MapsViewModel_SimulatorFarm.swift in Sources */,
				72567C612ADD650E008C324B /* SettingsView_SimulatorFarm.swift in Sources */,
				7285F6552AE5DB08005C8E8E /* FarmItemView_SimulatorFarm.swift in Sources */,
				72926CC52ADD5EC300F4B4E3 /* ModsView_SimulatorFarm.swift in Sources */,
				72B7BB802AE7EDE600086D7C /* ModItemView_SimulatorFarm.swift in Sources */,
				7287ACB82AF0F20700657FD8 /* Constants_SimulatorFarm.swift in Sources */,
				7287AD112AF1315600657FD8 /* AppConstants_SimulatorFarm.swift in Sources */,
				72AD4A042AEA714E00784D8A /* FarmsViewModel_SimulatorFarm.swift in Sources */,
				72F381952ADD3D86005549F1 /* mods_farming_simulator22.xcdatamodeld in Sources */,
				72AD4A122AEFB88100784D8A /* DropBoxManager_SimulatorFarm.swift in Sources */,
				72567C5F2ADD64F0008C324B /* MapsView_SimulatorFarm.swift in Sources */,
				72B7BB7B2AE7E3F600086D7C /* MapItemView_SimulatorFarm.swift in Sources */,
				72F381892ADD3D80005549F1 /* mods_farming_simulator22App.swift in Sources */,
				720ED1DB2AF279E300FEA01C /* Persistence_SimulatorFarm.swift in Sources */,
				7285F64F2AE2A785005C8E8E /* FarmDetailView_SimulatorFarm.swift in Sources */,
				72567C5D2ADD64D2008C324B /* FarmsView_SimulatorFarm.swift in Sources */,
				7287AD0B2AF1315600657FD8 /* RequestManager_SimulatorFarm.swift in Sources */,
				721F7CF92B0CE923006E1397 /* LoadingView_SimulatorFarm.swift in Sources */,
			);
			runOnlyForDeploymentPostprocessing = 0;
		};
/* End PBXSourcesBuildPhase section */

/* Begin PBXTargetDependency section */
		728A1D532AF438BB00577F5D /* PBXTargetDependency */ = {
			isa = PBXTargetDependency;
			target = 728A1D4C2AF438BB00577F5D /* NotifService */;
			targetProxy = 728A1D522AF438BB00577F5D /* PBXContainerItemProxy */;
		};
/* End PBXTargetDependency section */

/* Begin XCBuildConfiguration section */
		728A1D562AF438BB00577F5D /* Debug */ = {
			isa = XCBuildConfiguration;
			buildSettings = {
				CODE_SIGN_ENTITLEMENTS = NotifService/NotifService.entitlements;
				CODE_SIGN_STYLE = Manual;
				CURRENT_PROJECT_VERSION = 1;
				DEVELOPMENT_TEAM = "";
				GENERATE_INFOPLIST_FILE = YES;
				INFOPLIST_FILE = NotifService/Info.plist;
				INFOPLIST_KEY_CFBundleDisplayName = NotifService;
				INFOPLIST_KEY_NSHumanReadableCopyright = "";
				IPHONEOS_DEPLOYMENT_TARGET = 16.4;
				LD_RUNPATH_SEARCH_PATHS = (
					"$(inherited)",
					"@executable_path/Frameworks",
					"@executable_path/../../Frameworks",
				);
				MARKETING_VERSION = 1.0;
				PRODUCT_BUNDLE_IDENTIFIER = farm.simulator.rpo.20240201.NotifService;
				PRODUCT_NAME = "$(TARGET_NAME)";
				SKIP_INSTALL = YES;
				SWIFT_EMIT_LOC_STRINGS = YES;
				SWIFT_VERSION = 5.0;
				TARGETED_DEVICE_FAMILY = "1,2";
			};
			name = Debug;
		};
		728A1D572AF438BB00577F5D /* Release */ = {
			isa = XCBuildConfiguration;
			buildSettings = {
				CODE_SIGN_ENTITLEMENTS = NotifService/NotifService.entitlements;
				CODE_SIGN_STYLE = Manual;
				CURRENT_PROJECT_VERSION = 1;
				DEVELOPMENT_TEAM = "";
				GENERATE_INFOPLIST_FILE = YES;
				INFOPLIST_FILE = NotifService/Info.plist;
				INFOPLIST_KEY_CFBundleDisplayName = NotifService;
				INFOPLIST_KEY_NSHumanReadableCopyright = "";
				IPHONEOS_DEPLOYMENT_TARGET = 16.4;
				LD_RUNPATH_SEARCH_PATHS = (
					"$(inherited)",
					"@executable_path/Frameworks",
					"@executable_path/../../Frameworks",
				);
				MARKETING_VERSION = 1.0;
				PRODUCT_BUNDLE_IDENTIFIER = farm.simulator.rpo.20240201.NotifService;
				PRODUCT_NAME = "$(TARGET_NAME)";
				SKIP_INSTALL = YES;
				SWIFT_EMIT_LOC_STRINGS = YES;
				SWIFT_VERSION = 5.0;
				TARGETED_DEVICE_FAMILY = "1,2";
			};
			name = Release;
		};
		72F381962ADD3D86005549F1 /* Debug */ = {
			isa = XCBuildConfiguration;
			buildSettings = {
				ALWAYS_SEARCH_USER_PATHS = NO;
				CLANG_ANALYZER_NONNULL = YES;
				CLANG_ANALYZER_NUMBER_OBJECT_CONVERSION = YES_AGGRESSIVE;
				CLANG_CXX_LANGUAGE_STANDARD = "gnu++20";
				CLANG_ENABLE_MODULES = YES;
				CLANG_ENABLE_OBJC_ARC = YES;
				CLANG_ENABLE_OBJC_WEAK = YES;
				CLANG_WARN_BLOCK_CAPTURE_AUTORELEASING = YES;
				CLANG_WARN_BOOL_CONVERSION = YES;
				CLANG_WARN_COMMA = YES;
				CLANG_WARN_CONSTANT_CONVERSION = YES;
				CLANG_WARN_DEPRECATED_OBJC_IMPLEMENTATIONS = YES;
				CLANG_WARN_DIRECT_OBJC_ISA_USAGE = YES_ERROR;
				CLANG_WARN_DOCUMENTATION_COMMENTS = YES;
				CLANG_WARN_EMPTY_BODY = YES;
				CLANG_WARN_ENUM_CONVERSION = YES;
				CLANG_WARN_INFINITE_RECURSION = YES;
				CLANG_WARN_INT_CONVERSION = YES;
				CLANG_WARN_NON_LITERAL_NULL_CONVERSION = YES;
				CLANG_WARN_OBJC_IMPLICIT_RETAIN_SELF = YES;
				CLANG_WARN_OBJC_LITERAL_CONVERSION = YES;
				CLANG_WARN_OBJC_ROOT_CLASS = YES_ERROR;
				CLANG_WARN_QUOTED_INCLUDE_IN_FRAMEWORK_HEADER = YES;
				CLANG_WARN_RANGE_LOOP_ANALYSIS = YES;
				CLANG_WARN_STRICT_PROTOTYPES = YES;
				CLANG_WARN_SUSPICIOUS_MOVE = YES;
				CLANG_WARN_UNGUARDED_AVAILABILITY = YES_AGGRESSIVE;
				CLANG_WARN_UNREACHABLE_CODE = YES;
				CLANG_WARN__DUPLICATE_METHOD_MATCH = YES;
				COPY_PHASE_STRIP = NO;
				DEBUG_INFORMATION_FORMAT = dwarf;
				ENABLE_STRICT_OBJC_MSGSEND = YES;
				ENABLE_TESTABILITY = YES;
				GCC_C_LANGUAGE_STANDARD = gnu11;
				GCC_DYNAMIC_NO_PIC = NO;
				GCC_NO_COMMON_BLOCKS = YES;
				GCC_OPTIMIZATION_LEVEL = 0;
				GCC_PREPROCESSOR_DEFINITIONS = (
					"DEBUG=1",
					"$(inherited)",
				);
				GCC_WARN_64_TO_32_BIT_CONVERSION = YES;
				GCC_WARN_ABOUT_RETURN_TYPE = YES_ERROR;
				GCC_WARN_UNDECLARED_SELECTOR = YES;
				GCC_WARN_UNINITIALIZED_AUTOS = YES_AGGRESSIVE;
				GCC_WARN_UNUSED_FUNCTION = YES;
				GCC_WARN_UNUSED_VARIABLE = YES;
				IPHONEOS_DEPLOYMENT_TARGET = 15.0;
				MTL_ENABLE_DEBUG_INFO = INCLUDE_SOURCE;
				MTL_FAST_MATH = YES;
				ONLY_ACTIVE_ARCH = YES;
				SDKROOT = iphoneos;
				SWIFT_ACTIVE_COMPILATION_CONDITIONS = DEBUG;
				SWIFT_OPTIMIZATION_LEVEL = "-Onone";
			};
			name = Debug;
		};
		72F381972ADD3D86005549F1 /* Release */ = {
			isa = XCBuildConfiguration;
			buildSettings = {
				ALWAYS_SEARCH_USER_PATHS = NO;
				CLANG_ANALYZER_NONNULL = YES;
				CLANG_ANALYZER_NUMBER_OBJECT_CONVERSION = YES_AGGRESSIVE;
				CLANG_CXX_LANGUAGE_STANDARD = "gnu++20";
				CLANG_ENABLE_MODULES = YES;
				CLANG_ENABLE_OBJC_ARC = YES;
				CLANG_ENABLE_OBJC_WEAK = YES;
				CLANG_WARN_BLOCK_CAPTURE_AUTORELEASING = YES;
				CLANG_WARN_BOOL_CONVERSION = YES;
				CLANG_WARN_COMMA = YES;
				CLANG_WARN_CONSTANT_CONVERSION = YES;
				CLANG_WARN_DEPRECATED_OBJC_IMPLEMENTATIONS = YES;
				CLANG_WARN_DIRECT_OBJC_ISA_USAGE = YES_ERROR;
				CLANG_WARN_DOCUMENTATION_COMMENTS = YES;
				CLANG_WARN_EMPTY_BODY = YES;
				CLANG_WARN_ENUM_CONVERSION = YES;
				CLANG_WARN_INFINITE_RECURSION = YES;
				CLANG_WARN_INT_CONVERSION = YES;
				CLANG_WARN_NON_LITERAL_NULL_CONVERSION = YES;
				CLANG_WARN_OBJC_IMPLICIT_RETAIN_SELF = YES;
				CLANG_WARN_OBJC_LITERAL_CONVERSION = YES;
				CLANG_WARN_OBJC_ROOT_CLASS = YES_ERROR;
				CLANG_WARN_QUOTED_INCLUDE_IN_FRAMEWORK_HEADER = YES;
				CLANG_WARN_RANGE_LOOP_ANALYSIS = YES;
				CLANG_WARN_STRICT_PROTOTYPES = YES;
				CLANG_WARN_SUSPICIOUS_MOVE = YES;
				CLANG_WARN_UNGUARDED_AVAILABILITY = YES_AGGRESSIVE;
				CLANG_WARN_UNREACHABLE_CODE = YES;
				CLANG_WARN__DUPLICATE_METHOD_MATCH = YES;
				COPY_PHASE_STRIP = NO;
				DEBUG_INFORMATION_FORMAT = "dwarf-with-dsym";
				ENABLE_NS_ASSERTIONS = NO;
				ENABLE_STRICT_OBJC_MSGSEND = YES;
				GCC_C_LANGUAGE_STANDARD = gnu11;
				GCC_NO_COMMON_BLOCKS = YES;
				GCC_WARN_64_TO_32_BIT_CONVERSION = YES;
				GCC_WARN_ABOUT_RETURN_TYPE = YES_ERROR;
				GCC_WARN_UNDECLARED_SELECTOR = YES;
				GCC_WARN_UNINITIALIZED_AUTOS = YES_AGGRESSIVE;
				GCC_WARN_UNUSED_FUNCTION = YES;
				GCC_WARN_UNUSED_VARIABLE = YES;
				IPHONEOS_DEPLOYMENT_TARGET = 15.0;
				MTL_ENABLE_DEBUG_INFO = NO;
				MTL_FAST_MATH = YES;
				SDKROOT = iphoneos;
				SWIFT_COMPILATION_MODE = wholemodule;
				SWIFT_OPTIMIZATION_LEVEL = "-O";
				VALIDATE_PRODUCT = YES;
			};
			name = Release;
		};
		72F381992ADD3D86005549F1 /* Debug */ = {
			isa = XCBuildConfiguration;
			buildSettings = {
				ALWAYS_EMBED_SWIFT_STANDARD_LIBRARIES = YES;
				ASSETCATALOG_COMPILER_APPICON_NAME = AppIcon;
				ASSETCATALOG_COMPILER_GLOBAL_ACCENT_COLOR_NAME = AccentColor;
				CODE_SIGN_ENTITLEMENTS = "Farming Simulator 2022/Farming Simulator 2022.entitlements";
				CODE_SIGN_STYLE = Manual;
				CURRENT_PROJECT_VERSION = 1;
				DEBUG_INFORMATION_FORMAT = "dwarf-with-dsym";
				DEVELOPMENT_ASSET_PATHS = "\"Farming Simulator 2022/Preview Content\"";
				DEVELOPMENT_TEAM = "";
				ENABLE_PREVIEWS = YES;
				GENERATE_INFOPLIST_FILE = YES;
				INFOPLIST_FILE = "Farming Simulator 2022/Info.plist";
				INFOPLIST_KEY_LSSupportsOpeningDocumentsInPlace = YES;
				INFOPLIST_KEY_NSUserTrackingUsageDescription = tracking;
				INFOPLIST_KEY_UIApplicationSceneManifest_Generation = YES;
				INFOPLIST_KEY_UIApplicationSupportsIndirectInputEvents = YES;
				INFOPLIST_KEY_UILaunchScreen_Generation = YES;
				INFOPLIST_KEY_UISupportedInterfaceOrientations = UIInterfaceOrientationPortrait;
				IPHONEOS_DEPLOYMENT_TARGET = 15.0;
				LD_RUNPATH_SEARCH_PATHS = (
					"$(inherited)",
					"@executable_path/Frameworks",
				);
				MARKETING_VERSION = 1.0;
				PRODUCT_BUNDLE_IDENTIFIER = farm.simulator.rpo.20240201;
				PRODUCT_NAME = "$(TARGET_NAME)";
				SWIFT_EMIT_LOC_STRINGS = YES;
				SWIFT_VERSION = 5.0;
				TARGETED_DEVICE_FAMILY = "1,2";
			};
			name = Debug;
		};
		72F3819A2ADD3D86005549F1 /* Release */ = {
			isa = XCBuildConfiguration;
			buildSettings = {
				ALWAYS_EMBED_SWIFT_STANDARD_LIBRARIES = YES;
				ASSETCATALOG_COMPILER_APPICON_NAME = AppIcon;
				ASSETCATALOG_COMPILER_GLOBAL_ACCENT_COLOR_NAME = AccentColor;
				CODE_SIGN_ENTITLEMENTS = "Farming Simulator 2022/Farming Simulator 2022.entitlements";
				CODE_SIGN_STYLE = Manual;
				CURRENT_PROJECT_VERSION = 1;
				DEVELOPMENT_ASSET_PATHS = "\"Farming Simulator 2022/Preview Content\"";
				DEVELOPMENT_TEAM = "";
				ENABLE_PREVIEWS = YES;
				GENERATE_INFOPLIST_FILE = YES;
				INFOPLIST_FILE = "Farming Simulator 2022/Info.plist";
				INFOPLIST_KEY_LSSupportsOpeningDocumentsInPlace = YES;
				INFOPLIST_KEY_NSUserTrackingUsageDescription = tracking;
				INFOPLIST_KEY_UIApplicationSceneManifest_Generation = YES;
				INFOPLIST_KEY_UIApplicationSupportsIndirectInputEvents = YES;
				INFOPLIST_KEY_UILaunchScreen_Generation = YES;
				INFOPLIST_KEY_UISupportedInterfaceOrientations = UIInterfaceOrientationPortrait;
				IPHONEOS_DEPLOYMENT_TARGET = 15.0;
				LD_RUNPATH_SEARCH_PATHS = (
					"$(inherited)",
					"@executable_path/Frameworks",
				);
				MARKETING_VERSION = 1.0;
				PRODUCT_BUNDLE_IDENTIFIER = farm.simulator.rpo.20240201;
				PRODUCT_NAME = "$(TARGET_NAME)";
				SWIFT_EMIT_LOC_STRINGS = YES;
				SWIFT_VERSION = 5.0;
				TARGETED_DEVICE_FAMILY = "1,2";
			};
			name = Release;
		};
/* End XCBuildConfiguration section */

/* Begin XCConfigurationList section */
		728A1D552AF438BB00577F5D /* Build configuration list for PBXNativeTarget "NotifService" */ = {
			isa = XCConfigurationList;
			buildConfigurations = (
				728A1D562AF438BB00577F5D /* Debug */,
				728A1D572AF438BB00577F5D /* Release */,
			);
			defaultConfigurationIsVisible = 0;
			defaultConfigurationName = Release;
		};
		72F381802ADD3D80005549F1 /* Build configuration list for PBXProject "Farming Simulator 2022" */ = {
			isa = XCConfigurationList;
			buildConfigurations = (
				72F381962ADD3D86005549F1 /* Debug */,
				72F381972ADD3D86005549F1 /* Release */,
			);
			defaultConfigurationIsVisible = 0;
			defaultConfigurationName = Release;
		};
		72F381982ADD3D86005549F1 /* Build configuration list for PBXNativeTarget "Farming Simulator 2022" */ = {
			isa = XCConfigurationList;
			buildConfigurations = (
				72F381992ADD3D86005549F1 /* Debug */,
				72F3819A2ADD3D86005549F1 /* Release */,
			);
			defaultConfigurationIsVisible = 0;
			defaultConfigurationName = Release;
		};
/* End XCConfigurationList section */

/* Begin XCRemoteSwiftPackageReference section */
		7287ACBA2AF120C800657FD8 /* XCRemoteSwiftPackageReference "ios_sdk" */ = {
			isa = XCRemoteSwiftPackageReference;
			repositoryURL = "https://github.com/adjust/ios_sdk";
			requirement = {
				branch = master;
				kind = branch;
			};
		};
		7287ACBD2AF122AF00657FD8 /* XCRemoteSwiftPackageReference "Pushwoosh-XCFramework" */ = {
			isa = XCRemoteSwiftPackageReference;
			repositoryURL = "https://github.com/Pushwoosh/Pushwoosh-XCFramework";
			requirement = {
				kind = upToNextMajorVersion;
				minimumVersion = 6.5.4;
			};
		};
		72AD4A0E2AEBDCB300784D8A /* XCRemoteSwiftPackageReference "SwiftyDropbox" */ = {
			isa = XCRemoteSwiftPackageReference;
			repositoryURL = "https://github.com/dropbox/SwiftyDropbox.git";
			requirement = {
				kind = upToNextMajorVersion;
				minimumVersion = 9.2.0;
			};
		};
/* End XCRemoteSwiftPackageReference section */

/* Begin XCSwiftPackageProductDependency section */
		7287ACBB2AF120C900657FD8 /* Adjust */ = {
			isa = XCSwiftPackageProductDependency;
			package = 7287ACBA2AF120C800657FD8 /* XCRemoteSwiftPackageReference "ios_sdk" */;
			productName = Adjust;
		};
		7287ACBE2AF122AF00657FD8 /* Pushwoosh */ = {
			isa = XCSwiftPackageProductDependency;
			package = 7287ACBD2AF122AF00657FD8 /* XCRemoteSwiftPackageReference "Pushwoosh-XCFramework" */;
			productName = Pushwoosh;
		};
		72AD4A0F2AEBDCB300784D8A /* SwiftyDropbox */ = {
			isa = XCSwiftPackageProductDependency;
			package = 72AD4A0E2AEBDCB300784D8A /* XCRemoteSwiftPackageReference "SwiftyDropbox" */;
			productName = SwiftyDropbox;
		};
/* End XCSwiftPackageProductDependency section */

/* Begin XCVersionGroup section */
		72F381932ADD3D86005549F1 /* mods_farming_simulator22.xcdatamodeld */ = {
			isa = XCVersionGroup;
			children = (
				72F381942ADD3D86005549F1 /* mods_farming_simulator22.xcdatamodel */,
			);
			currentVersion = 72F381942ADD3D86005549F1 /* mods_farming_simulator22.xcdatamodel */;
			path = mods_farming_simulator22.xcdatamodeld;
			sourceTree = "<group>";
			versionGroupType = wrapper.xcdatamodel;
		};
/* End XCVersionGroup section */
	};
	rootObject = 72F3817D2ADD3D80005549F1 /* Project object */;
}
