// !$*UTF8*$!
{
	archiveVersion = 1;
	classes = {
	};
	objectVersion = 70;
	objects = {

/* Begin PBXBuildFile section */
		236133352CAD331F009B49C3 /* CombatStreet.swift in Sources */ = {isa = PBXBuildFile; fileRef = 236133342CAD331F009B49C3 /* CombatStreet.swift */; };
		2363B9EC2CA99D08000111BA /* RideMiles.swift in Sources */ = {isa = PBXBuildFile; fileRef = 2363B9EB2CA99D08000111BA /* RideMiles.swift */; };
		2363B9EE2CA9A2E1000111BA /* RidesFullSpeed.swift in Sources */ = {isa = PBXBuildFile; fileRef = 2363B9ED2CA9A2E1000111BA /* RidesFullSpeed.swift */; };
		6A60449A2D707FBC0069AF62 /* Enums + CoreData.swift in Sources */ = {isa = PBXBuildFile; fileRef = 6A6044992D707FBC0069AF62 /* Enums + CoreData.swift */; };
		6A6044A42D7080340069AF62 /* Dilroy-Bold.ttf in Resources */ = {isa = PBXBuildFile; fileRef = 6A60449C2D7080340069AF62 /* Dilroy-Bold.ttf */; };
		6A6044A52D7080340069AF62 /* jontserrat-Bold.ttf in Resources */ = {isa = PBXBuildFile; fileRef = 6A6044A12D7080340069AF62 /* jontserrat-Bold.ttf */; };
		6A6044A62D7080340069AF62 /* jontserrat-Medium.ttf in Resources */ = {isa = PBXBuildFile; fileRef = 6A6044A22D7080340069AF62 /* jontserrat-Medium.ttf */; };
		6A6044A72D7080340069AF62 /* Dilroy-Heavy.ttf in Resources */ = {isa = PBXBuildFile; fileRef = 6A60449D2D7080340069AF62 /* Dilroy-Heavy.ttf */; };
		6A6044A82D7080340069AF62 /* jontserrat-SemiBold.ttf in Resources */ = {isa = PBXBuildFile; fileRef = 6A6044A32D7080340069AF62 /* jontserrat-SemiBold.ttf */; };
		6A6044A92D7080340069AF62 /* Dilroy-Black.ttf in Resources */ = {isa = PBXBuildFile; fileRef = 6A60449B2D7080340069AF62 /* Dilroy-Black.ttf */; };
		6A6044AA2D7080340069AF62 /* Dilroy-Regular.ttf in Resources */ = {isa = PBXBuildFile; fileRef = 6A60449F2D7080340069AF62 /* Dilroy-Regular.ttf */; };
		6A6044AB2D7080340069AF62 /* Dilroy-Medium.ttf in Resources */ = {isa = PBXBuildFile; fileRef = 6A60449E2D7080340069AF62 /* Dilroy-Medium.ttf */; };
		6A6044AC2D7080340069AF62 /* jontserrat.ttf in Resources */ = {isa = PBXBuildFile; fileRef = 6A6044A02D7080340069AF62 /* jontserrat.ttf */; };
		6A6044B42D7081860069AF62 /* RickyMorty.swift in Sources */ = {isa = PBXBuildFile; fileRef = 6A6044B32D7081850069AF62 /* RickyMorty.swift */; };
		6A6044B62D7081AA0069AF62 /* BenCones.swift in Sources */ = {isa = PBXBuildFile; fileRef = 6A6044B52D7081AA0069AF62 /* BenCones.swift */; };
		720ED1DB2AF279E300FEA01C /* ProCons.swift in Sources */ = {isa = PBXBuildFile; fileRef = 720ED1DA2AF279E300FEA01C /* ProCons.swift */; };
		7285F64B2ADF2FD4005C8E8E /* FilterTypeAll.swift in Sources */ = {isa = PBXBuildFile; fileRef = 7285F64A2ADF2FD4005C8E8E /* FilterTypeAll.swift */; };
		7285F6572AE5DD56005C8E8E /* SpeedDestructor.swift in Sources */ = {isa = PBXBuildFile; fileRef = 7285F6562AE5DD56005C8E8E /* SpeedDestructor.swift */; };
		72926CC72ADD5EEB00F4B4E3 /* TrackOperator.swift in Sources */ = {isa = PBXBuildFile; fileRef = 72926CC62ADD5EEB00F4B4E3 /* TrackOperator.swift */; };
		72AD4A042AEA714E00784D8A /* SpeedViewGrid.swift in Sources */ = {isa = PBXBuildFile; fileRef = 72AD4A032AEA714E00784D8A /* SpeedViewGrid.swift */; };
		72AD4A062AEAA5CD00784D8A /* TrackOnParts.swift in Sources */ = {isa = PBXBuildFile; fileRef = 72AD4A052AEAA5CC00784D8A /* TrackOnParts.swift */; };
		72AD4A0B2AEABCEB00784D8A /* GearTurbo.swift in Sources */ = {isa = PBXBuildFile; fileRef = 72AD4A0A2AEABCEB00784D8A /* GearTurbo.swift */; };
		72AD4A102AEBDCB300784D8A /* SwiftyDropbox in Frameworks */ = {isa = PBXBuildFile; productRef = 72AD4A0F2AEBDCB300784D8A /* SwiftyDropbox */; };
		72AD4A122AEFB88100784D8A /* BlownFlown.swift in Sources */ = {isa = PBXBuildFile; fileRef = 72AD4A112AEFB88100784D8A /* BlownFlown.swift */; };
		72B7BB6E2AE7DC7C00086D7C /* GearCreator.swift in Sources */ = {isa = PBXBuildFile; fileRef = 72B7BB6D2AE7DC7C00086D7C /* GearCreator.swift */; };
		72F3818D2ADD3D86005549F1 /* Assets.xcassets in Resources */ = {isa = PBXBuildFile; fileRef = 72F3818C2ADD3D86005549F1 /* Assets.xcassets */; };
		72F381902ADD3D86005549F1 /* Preview Assets.xcassets in Resources */ = {isa = PBXBuildFile; fileRef = 72F3818F2ADD3D86005549F1 /* Preview Assets.xcassets */; };
		72F381952ADD3D86005549F1 /* mods_farming_simulator22.xcdatamodeld in Sources */ = {isa = PBXBuildFile; fileRef = 72F381932ADD3D86005549F1 /* mods_farming_simulator22.xcdatamodeld */; };
		72FC3A202AFD051B00046985 /* NowGreat.swift in Sources */ = {isa = PBXBuildFile; fileRef = 72FC3A1F2AFD051B00046985 /* NowGreat.swift */; };
/* End PBXBuildFile section */

/* Begin PBXCopyFilesBuildPhase section */
		72DC452A2AF134C200669060 /* Embed Foundation Extensions */ = {
			isa = PBXCopyFilesBuildPhase;
			buildActionMask = 2147483647;
			dstPath = "";
			dstSubfolderSpec = 13;
			files = (
			);
			name = "Embed Foundation Extensions";
			runOnlyForDeploymentPostprocessing = 0;
		};
/* End PBXCopyFilesBuildPhase section */

/* Begin PBXFileReference section */
		236133342CAD331F009B49C3 /* CombatStreet.swift */ = {isa = PBXFileReference; lastKnownFileType = sourcecode.swift; path = CombatStreet.swift; sourceTree = "<group>"; };
		2363B9EB2CA99D08000111BA /* RideMiles.swift */ = {isa = PBXFileReference; lastKnownFileType = sourcecode.swift; path = RideMiles.swift; sourceTree = "<group>"; };
		2363B9ED2CA9A2E1000111BA /* RidesFullSpeed.swift */ = {isa = PBXFileReference; lastKnownFileType = sourcecode.swift; path = RidesFullSpeed.swift; sourceTree = "<group>"; };
		6A6044992D707FBC0069AF62 /* Enums + CoreData.swift */ = {isa = PBXFileReference; lastKnownFileType = sourcecode.swift; path = "Enums + CoreData.swift"; sourceTree = "<group>"; };
		6A60449B2D7080340069AF62 /* Dilroy-Black.ttf */ = {isa = PBXFileReference; lastKnownFileType = file; path = "Dilroy-Black.ttf"; sourceTree = "<group>"; };
		6A60449C2D7080340069AF62 /* Dilroy-Bold.ttf */ = {isa = PBXFileReference; lastKnownFileType = file; path = "Dilroy-Bold.ttf"; sourceTree = "<group>"; };
		6A60449D2D7080340069AF62 /* Dilroy-Heavy.ttf */ = {isa = PBXFileReference; lastKnownFileType = file; path = "Dilroy-Heavy.ttf"; sourceTree = "<group>"; };
		6A60449E2D7080340069AF62 /* Dilroy-Medium.ttf */ = {isa = PBXFileReference; lastKnownFileType = file; path = "Dilroy-Medium.ttf"; sourceTree = "<group>"; };
		6A60449F2D7080340069AF62 /* Dilroy-Regular.ttf */ = {isa = PBXFileReference; lastKnownFileType = file; path = "Dilroy-Regular.ttf"; sourceTree = "<group>"; };
		6A6044A02D7080340069AF62 /* jontserrat.ttf */ = {isa = PBXFileReference; lastKnownFileType = file; path = jontserrat.ttf; sourceTree = "<group>"; };
		6A6044A12D7080340069AF62 /* jontserrat-Bold.ttf */ = {isa = PBXFileReference; lastKnownFileType = file; path = "jontserrat-Bold.ttf"; sourceTree = "<group>"; };
		6A6044A22D7080340069AF62 /* jontserrat-Medium.ttf */ = {isa = PBXFileReference; lastKnownFileType = file; path = "jontserrat-Medium.ttf"; sourceTree = "<group>"; };
		6A6044A32D7080340069AF62 /* jontserrat-SemiBold.ttf */ = {isa = PBXFileReference; lastKnownFileType = file; path = "jontserrat-SemiBold.ttf"; sourceTree = "<group>"; };
		6A6044B32D7081850069AF62 /* RickyMorty.swift */ = {isa = PBXFileReference; lastKnownFileType = sourcecode.swift; path = RickyMorty.swift; sourceTree = "<group>"; };
		6A6044B52D7081AA0069AF62 /* BenCones.swift */ = {isa = PBXFileReference; lastKnownFileType = sourcecode.swift; path = BenCones.swift; sourceTree = "<group>"; };
		720ED1DA2AF279E300FEA01C /* ProCons.swift */ = {isa = PBXFileReference; fileEncoding = 4; lastKnownFileType = sourcecode.swift; path = ProCons.swift; sourceTree = "<group>"; };
		7285F64A2ADF2FD4005C8E8E /* FilterTypeAll.swift */ = {isa = PBXFileReference; lastKnownFileType = sourcecode.swift; path = FilterTypeAll.swift; sourceTree = "<group>"; };
		7285F6562AE5DD56005C8E8E /* SpeedDestructor.swift */ = {isa = PBXFileReference; lastKnownFileType = sourcecode.swift; path = SpeedDestructor.swift; sourceTree = "<group>"; };
		72926CC62ADD5EEB00F4B4E3 /* TrackOperator.swift */ = {isa = PBXFileReference; lastKnownFileType = sourcecode.swift; path = TrackOperator.swift; sourceTree = "<group>"; };
		72AD4A032AEA714E00784D8A /* SpeedViewGrid.swift */ = {isa = PBXFileReference; lastKnownFileType = sourcecode.swift; path = SpeedViewGrid.swift; sourceTree = "<group>"; };
		72AD4A052AEAA5CC00784D8A /* TrackOnParts.swift */ = {isa = PBXFileReference; lastKnownFileType = sourcecode.swift; path = TrackOnParts.swift; sourceTree = "<group>"; };
		72AD4A0A2AEABCEB00784D8A /* GearTurbo.swift */ = {isa = PBXFileReference; lastKnownFileType = sourcecode.swift; path = GearTurbo.swift; sourceTree = "<group>"; };
		72AD4A112AEFB88100784D8A /* BlownFlown.swift */ = {isa = PBXFileReference; lastKnownFileType = sourcecode.swift; path = BlownFlown.swift; sourceTree = "<group>"; };
		72B113362AF44672005B803C /* Info.plist */ = {isa = PBXFileReference; lastKnownFileType = text.plist; path = Info.plist; sourceTree = "<group>"; };
		72B7BB6D2AE7DC7C00086D7C /* GearCreator.swift */ = {isa = PBXFileReference; lastKnownFileType = sourcecode.swift; path = GearCreator.swift; sourceTree = "<group>"; };
		72F381852ADD3D80005549F1 /* new-project.app */ = {isa = PBXFileReference; explicitFileType = wrapper.application; includeInIndex = 0; path = "new-project.app"; sourceTree = BUILT_PRODUCTS_DIR; };
		72F3818C2ADD3D86005549F1 /* Assets.xcassets */ = {isa = PBXFileReference; lastKnownFileType = folder.assetcatalog; path = Assets.xcassets; sourceTree = "<group>"; };
		72F3818F2ADD3D86005549F1 /* Preview Assets.xcassets */ = {isa = PBXFileReference; lastKnownFileType = folder.assetcatalog; path = "Preview Assets.xcassets"; sourceTree = "<group>"; };
		72F381942ADD3D86005549F1 /* mods_farming_simulator22.xcdatamodel */ = {isa = PBXFileReference; lastKnownFileType = wrapper.xcdatamodel; path = mods_farming_simulator22.xcdatamodel; sourceTree = "<group>"; };
		72FC3A1F2AFD051B00046985 /* NowGreat.swift */ = {isa = PBXFileReference; lastKnownFileType = sourcecode.swift; path = NowGreat.swift; sourceTree = "<group>"; };
/* End PBXFileReference section */

/* Begin PBXFileSystemSynchronizedRootGroup section */
		235B4CD42CA169A000F23714 /* AirEmulateDesign */ = {isa = PBXFileSystemSynchronizedRootGroup; explicitFileTypes = {}; explicitFolders = (); path = AirEmulateDesign; sourceTree = "<group>"; };
/* End PBXFileSystemSynchronizedRootGroup section */

/* Begin PBXFrameworksBuildPhase section */
		72F381822ADD3D80005549F1 /* Frameworks */ = {
			isa = PBXFrameworksBuildPhase;
			buildActionMask = 2147483647;
			files = (
				72AD4A102AEBDCB300784D8A /* SwiftyDropbox in Frameworks */,
			);
			runOnlyForDeploymentPostprocessing = 0;
		};
/* End PBXFrameworksBuildPhase section */

/* Begin PBXGroup section */
		7285F6482ADF2FB0005C8E8E /* Utils */ = {
			isa = PBXGroup;
			children = (
				6A6044992D707FBC0069AF62 /* Enums + CoreData.swift */,
				7285F64A2ADF2FD4005C8E8E /* FilterTypeAll.swift */,
				72FC3A1F2AFD051B00046985 /* NowGreat.swift */,
			);
			path = Utils;
			sourceTree = "<group>";
		};
		7287ACFA2AF1315600657FD8 /* Resources */ = {
			isa = PBXGroup;
			children = (
				6A60449B2D7080340069AF62 /* Dilroy-Black.ttf */,
				6A60449C2D7080340069AF62 /* Dilroy-Bold.ttf */,
				6A60449D2D7080340069AF62 /* Dilroy-Heavy.ttf */,
				6A60449E2D7080340069AF62 /* Dilroy-Medium.ttf */,
				6A60449F2D7080340069AF62 /* Dilroy-Regular.ttf */,
				6A6044A02D7080340069AF62 /* jontserrat.ttf */,
				6A6044A12D7080340069AF62 /* jontserrat-Bold.ttf */,
				6A6044A22D7080340069AF62 /* jontserrat-Medium.ttf */,
				6A6044A32D7080340069AF62 /* jontserrat-SemiBold.ttf */,
			);
			path = Resources;
			sourceTree = "<group>";
		};
		72DC45182AF1348300669060 /* Frameworks */ = {
			isa = PBXGroup;
			children = (
			);
			name = Frameworks;
			sourceTree = "<group>";
		};
		72F3817C2ADD3D80005549F1 = {
			isa = PBXGroup;
			children = (
				72F381872ADD3D80005549F1 /* new-project */,
				72F381862ADD3D80005549F1 /* Products */,
				72DC45182AF1348300669060 /* Frameworks */,
			);
			sourceTree = "<group>";
		};
		72F381862ADD3D80005549F1 /* Products */ = {
			isa = PBXGroup;
			children = (
				72F381852ADD3D80005549F1 /* new-project.app */,
			);
			name = Products;
			sourceTree = "<group>";
		};
		72F381872ADD3D80005549F1 /* new-project */ = {
			isa = PBXGroup;
			children = (
				235B4CD42CA169A000F23714 /* AirEmulateDesign */,
				72B113362AF44672005B803C /* Info.plist */,
				6A6044B32D7081850069AF62 /* RickyMorty.swift */,
				7287ACFA2AF1315600657FD8 /* Resources */,
				72F3819B2ADD3DDA005549F1 /* Models */,
				72F3819D2ADD3DF2005549F1 /* ViewModels */,
				72F3819E2ADD3E04005549F1 /* Service */,
				7285F6482ADF2FB0005C8E8E /* Utils */,
				72F3818C2ADD3D86005549F1 /* Assets.xcassets */,
				6A6044B52D7081AA0069AF62 /* BenCones.swift */,
				72F3818E2ADD3D86005549F1 /* Preview Content */,
			);
			path = "new-project";
			sourceTree = "<group>";
		};
		72F3818E2ADD3D86005549F1 /* Preview Content */ = {
			isa = PBXGroup;
			children = (
				72F3818F2ADD3D86005549F1 /* Preview Assets.xcassets */,
			);
			path = "Preview Content";
			sourceTree = "<group>";
		};
		72F3819B2ADD3DDA005549F1 /* Models */ = {
			isa = PBXGroup;
			children = (
				72926CC62ADD5EEB00F4B4E3 /* TrackOperator.swift */,
				7285F6562AE5DD56005C8E8E /* SpeedDestructor.swift */,
				72B7BB6D2AE7DC7C00086D7C /* GearCreator.swift */,
				2363B9EB2CA99D08000111BA /* RideMiles.swift */,
				236133342CAD331F009B49C3 /* CombatStreet.swift */,
			);
			path = Models;
			sourceTree = "<group>";
		};
		72F3819D2ADD3DF2005549F1 /* ViewModels */ = {
			isa = PBXGroup;
			children = (
				72AD4A032AEA714E00784D8A /* SpeedViewGrid.swift */,
				72AD4A052AEAA5CC00784D8A /* TrackOnParts.swift */,
				72AD4A0A2AEABCEB00784D8A /* GearTurbo.swift */,
				72AD4A112AEFB88100784D8A /* BlownFlown.swift */,
				2363B9ED2CA9A2E1000111BA /* RidesFullSpeed.swift */,
			);
			path = ViewModels;
			sourceTree = "<group>";
		};
		72F3819E2ADD3E04005549F1 /* Service */ = {
			isa = PBXGroup;
			children = (
				720ED1DA2AF279E300FEA01C /* ProCons.swift */,
				72F381932ADD3D86005549F1 /* mods_farming_simulator22.xcdatamodeld */,
			);
			path = Service;
			sourceTree = "<group>";
		};
/* End PBXGroup section */

/* Begin PBXNativeTarget section */
		72F381842ADD3D80005549F1 /* new-project */ = {
			isa = PBXNativeTarget;
			buildConfigurationList = 72F381982ADD3D86005549F1 /* Build configuration list for PBXNativeTarget "new-project" */;
			buildPhases = (
				72F381812ADD3D80005549F1 /* Sources */,
				72F381822ADD3D80005549F1 /* Frameworks */,
				72F381832ADD3D80005549F1 /* Resources */,
				72DC452A2AF134C200669060 /* Embed Foundation Extensions */,
			);
			buildRules = (
			);
			dependencies = (
			);
			fileSystemSynchronizedGroups = (
				235B4CD42CA169A000F23714 /* AirEmulateDesign */,
			);
			name = "new-project";
			packageProductDependencies = (
				72AD4A0F2AEBDCB300784D8A /* SwiftyDropbox */,
			);
			productName = "Farming Simulator 2022";
			productReference = 72F381852ADD3D80005549F1 /* new-project.app */;
			productType = "com.apple.product-type.application";
		};
/* End PBXNativeTarget section */

/* Begin PBXProject section */
		72F3817D2ADD3D80005549F1 /* Project object */ = {
			isa = PBXProject;
			attributes = {
				BuildIndependentTargetsInParallel = 1;
				LastSwiftUpdateCheck = 1430;
				LastUpgradeCheck = 1620;
				TargetAttributes = {
					72F381842ADD3D80005549F1 = {
						CreatedOnToolsVersion = 14.3;
					};
				};
			};
			buildConfigurationList = 72F381802ADD3D80005549F1 /* Build configuration list for PBXProject "new-project" */;
			compatibilityVersion = "Xcode 14.0";
			developmentRegion = en;
			hasScannedForEncodings = 0;
			knownRegions = (
				en,
				Base,
				de,
				he,
				ar,
				el,
				"zh-Hans",
				ja,
				uk,
				nb,
				"en-GB",
				es,
				sl,
				da,
				"es-419",
				it,
				sk,
				"fr-CA",
				sr,
				ms,
				sv,
				cs,
				ko,
				"zh-Hant",
				hu,
				"en-AU",
				tr,
				pl,
				"pt-BR",
				vi,
				lv,
				lt,
				ru,
				fr,
				fi,
				id,
				nl,
				th,
				"pt-PT",
				ro,
				hr,
				hi,
				ca,
				"en-IN",
			);
			mainGroup = 72F3817C2ADD3D80005549F1;
			packageReferences = (
				72AD4A0E2AEBDCB300784D8A /* XCRemoteSwiftPackageReference "SwiftyDropbox" */,
			);
			productRefGroup = 72F381862ADD3D80005549F1 /* Products */;
			projectDirPath = "";
			projectRoot = "";
			targets = (
				72F381842ADD3D80005549F1 /* new-project */,
			);
		};
/* End PBXProject section */

/* Begin PBXResourcesBuildPhase section */
		72F381832ADD3D80005549F1 /* Resources */ = {
			isa = PBXResourcesBuildPhase;
			buildActionMask = 2147483647;
			files = (
				72F381902ADD3D86005549F1 /* Preview Assets.xcassets in Resources */,
				72F3818D2ADD3D86005549F1 /* Assets.xcassets in Resources */,
				6A6044A42D7080340069AF62 /* Dilroy-Bold.ttf in Resources */,
				6A6044A52D7080340069AF62 /* jontserrat-Bold.ttf in Resources */,
				6A6044A62D7080340069AF62 /* jontserrat-Medium.ttf in Resources */,
				6A6044A72D7080340069AF62 /* Dilroy-Heavy.ttf in Resources */,
				6A6044A82D7080340069AF62 /* jontserrat-SemiBold.ttf in Resources */,
				6A6044A92D7080340069AF62 /* Dilroy-Black.ttf in Resources */,
				6A6044AA2D7080340069AF62 /* Dilroy-Regular.ttf in Resources */,
				6A6044AB2D7080340069AF62 /* Dilroy-Medium.ttf in Resources */,
				6A6044AC2D7080340069AF62 /* jontserrat.ttf in Resources */,
			);
			runOnlyForDeploymentPostprocessing = 0;
		};
/* End PBXResourcesBuildPhase section */

/* Begin PBXSourcesBuildPhase section */
		72F381812ADD3D80005549F1 /* Sources */ = {
			isa = PBXSourcesBuildPhase;
			buildActionMask = 2147483647;
			files = (
				72B7BB6E2AE7DC7C00086D7C /* GearCreator.swift in Sources */,
				72FC3A202AFD051B00046985 /* NowGreat.swift in Sources */,
				236133352CAD331F009B49C3 /* CombatStreet.swift in Sources */,
				7285F6572AE5DD56005C8E8E /* SpeedDestructor.swift in Sources */,
				72926CC72ADD5EEB00F4B4E3 /* TrackOperator.swift in Sources */,
				2363B9EC2CA99D08000111BA /* RideMiles.swift in Sources */,
				7285F64B2ADF2FD4005C8E8E /* FilterTypeAll.swift in Sources */,
				6A60449A2D707FBC0069AF62 /* Enums + CoreData.swift in Sources */,
				72AD4A062AEAA5CD00784D8A /* TrackOnParts.swift in Sources */,
				72AD4A0B2AEABCEB00784D8A /* GearTurbo.swift in Sources */,
				72AD4A042AEA714E00784D8A /* SpeedViewGrid.swift in Sources */,
				6A6044B62D7081AA0069AF62 /* BenCones.swift in Sources */,
				72F381952ADD3D86005549F1 /* mods_farming_simulator22.xcdatamodeld in Sources */,
				6A6044B42D7081860069AF62 /* RickyMorty.swift in Sources */,
				72AD4A122AEFB88100784D8A /* BlownFlown.swift in Sources */,
				720ED1DB2AF279E300FEA01C /* ProCons.swift in Sources */,
				2363B9EE2CA9A2E1000111BA /* RidesFullSpeed.swift in Sources */,
			);
			runOnlyForDeploymentPostprocessing = 0;
		};
/* End PBXSourcesBuildPhase section */

/* Begin XCBuildConfiguration section */
		72F381962ADD3D86005549F1 /* Debug */ = {
			isa = XCBuildConfiguration;
			buildSettings = {
				ALWAYS_SEARCH_USER_PATHS = NO;
				CLANG_ANALYZER_LOCALIZABILITY_NONLOCALIZED = YES;
				CLANG_ANALYZER_NONNULL = YES;
				CLANG_ANALYZER_NUMBER_OBJECT_CONVERSION = YES_AGGRESSIVE;
				CLANG_CXX_LANGUAGE_STANDARD = "gnu++20";
				CLANG_ENABLE_MODULES = YES;
				CLANG_ENABLE_OBJC_ARC = YES;
				CLANG_ENABLE_OBJC_WEAK = YES;
				CLANG_WARN_BLOCK_CAPTURE_AUTORELEASING = YES;
				CLANG_WARN_BOOL_CONVERSION = YES;
				CLANG_WARN_COMMA = YES;
				CLANG_WARN_CONSTANT_CONVERSION = YES;
				CLANG_WARN_DEPRECATED_OBJC_IMPLEMENTATIONS = YES;
				CLANG_WARN_DIRECT_OBJC_ISA_USAGE = YES_ERROR;
				CLANG_WARN_DOCUMENTATION_COMMENTS = YES;
				CLANG_WARN_EMPTY_BODY = YES;
				CLANG_WARN_ENUM_CONVERSION = YES;
				CLANG_WARN_INFINITE_RECURSION = YES;
				CLANG_WARN_INT_CONVERSION = YES;
				CLANG_WARN_NON_LITERAL_NULL_CONVERSION = YES;
				CLANG_WARN_OBJC_IMPLICIT_RETAIN_SELF = YES;
				CLANG_WARN_OBJC_LITERAL_CONVERSION = YES;
				CLANG_WARN_OBJC_ROOT_CLASS = YES_ERROR;
				CLANG_WARN_QUOTED_INCLUDE_IN_FRAMEWORK_HEADER = YES;
				CLANG_WARN_RANGE_LOOP_ANALYSIS = YES;
				CLANG_WARN_STRICT_PROTOTYPES = YES;
				CLANG_WARN_SUSPICIOUS_MOVE = YES;
				CLANG_WARN_UNGUARDED_AVAILABILITY = YES_AGGRESSIVE;
				CLANG_WARN_UNREACHABLE_CODE = YES;
				CLANG_WARN__DUPLICATE_METHOD_MATCH = YES;
				COPY_PHASE_STRIP = NO;
				DEBUG_INFORMATION_FORMAT = dwarf;
				ENABLE_STRICT_OBJC_MSGSEND = YES;
				ENABLE_TESTABILITY = YES;
				ENABLE_USER_SCRIPT_SANDBOXING = YES;
				GCC_C_LANGUAGE_STANDARD = gnu11;
				GCC_DYNAMIC_NO_PIC = NO;
				GCC_NO_COMMON_BLOCKS = YES;
				GCC_OPTIMIZATION_LEVEL = 0;
				GCC_PREPROCESSOR_DEFINITIONS = (
					"DEBUG=1",
					"$(inherited)",
				);
				GCC_WARN_64_TO_32_BIT_CONVERSION = YES;
				GCC_WARN_ABOUT_RETURN_TYPE = YES_ERROR;
				GCC_WARN_UNDECLARED_SELECTOR = YES;
				GCC_WARN_UNINITIALIZED_AUTOS = YES_AGGRESSIVE;
				GCC_WARN_UNUSED_FUNCTION = YES;
				GCC_WARN_UNUSED_VARIABLE = YES;
				IPHONEOS_DEPLOYMENT_TARGET = 15.0;
				MTL_ENABLE_DEBUG_INFO = INCLUDE_SOURCE;
				MTL_FAST_MATH = YES;
				ONLY_ACTIVE_ARCH = YES;
				SDKROOT = iphoneos;
				SWIFT_ACTIVE_COMPILATION_CONDITIONS = DEBUG;
				SWIFT_OPTIMIZATION_LEVEL = "-Onone";
			};
			name = Debug;
		};
		72F381972ADD3D86005549F1 /* Release */ = {
			isa = XCBuildConfiguration;
			buildSettings = {
				ALWAYS_SEARCH_USER_PATHS = NO;
				CLANG_ANALYZER_LOCALIZABILITY_NONLOCALIZED = YES;
				CLANG_ANALYZER_NONNULL = YES;
				CLANG_ANALYZER_NUMBER_OBJECT_CONVERSION = YES_AGGRESSIVE;
				CLANG_CXX_LANGUAGE_STANDARD = "gnu++20";
				CLANG_ENABLE_MODULES = YES;
				CLANG_ENABLE_OBJC_ARC = YES;
				CLANG_ENABLE_OBJC_WEAK = YES;
				CLANG_WARN_BLOCK_CAPTURE_AUTORELEASING = YES;
				CLANG_WARN_BOOL_CONVERSION = YES;
				CLANG_WARN_COMMA = YES;
				CLANG_WARN_CONSTANT_CONVERSION = YES;
				CLANG_WARN_DEPRECATED_OBJC_IMPLEMENTATIONS = YES;
				CLANG_WARN_DIRECT_OBJC_ISA_USAGE = YES_ERROR;
				CLANG_WARN_DOCUMENTATION_COMMENTS = YES;
				CLANG_WARN_EMPTY_BODY = YES;
				CLANG_WARN_ENUM_CONVERSION = YES;
				CLANG_WARN_INFINITE_RECURSION = YES;
				CLANG_WARN_INT_CONVERSION = YES;
				CLANG_WARN_NON_LITERAL_NULL_CONVERSION = YES;
				CLANG_WARN_OBJC_IMPLICIT_RETAIN_SELF = YES;
				CLANG_WARN_OBJC_LITERAL_CONVERSION = YES;
				CLANG_WARN_OBJC_ROOT_CLASS = YES_ERROR;
				CLANG_WARN_QUOTED_INCLUDE_IN_FRAMEWORK_HEADER = YES;
				CLANG_WARN_RANGE_LOOP_ANALYSIS = YES;
				CLANG_WARN_STRICT_PROTOTYPES = YES;
				CLANG_WARN_SUSPICIOUS_MOVE = YES;
				CLANG_WARN_UNGUARDED_AVAILABILITY = YES_AGGRESSIVE;
				CLANG_WARN_UNREACHABLE_CODE = YES;
				CLANG_WARN__DUPLICATE_METHOD_MATCH = YES;
				COPY_PHASE_STRIP = NO;
				DEBUG_INFORMATION_FORMAT = dwarf;
				ENABLE_NS_ASSERTIONS = NO;
				ENABLE_STRICT_OBJC_MSGSEND = YES;
				ENABLE_USER_SCRIPT_SANDBOXING = YES;
				GCC_C_LANGUAGE_STANDARD = gnu11;
				GCC_NO_COMMON_BLOCKS = YES;
				GCC_WARN_64_TO_32_BIT_CONVERSION = YES;
				GCC_WARN_ABOUT_RETURN_TYPE = YES_ERROR;
				GCC_WARN_UNDECLARED_SELECTOR = YES;
				GCC_WARN_UNINITIALIZED_AUTOS = YES_AGGRESSIVE;
				GCC_WARN_UNUSED_FUNCTION = YES;
				GCC_WARN_UNUSED_VARIABLE = YES;
				IPHONEOS_DEPLOYMENT_TARGET = 15.0;
				MTL_ENABLE_DEBUG_INFO = NO;
				MTL_FAST_MATH = YES;
				SDKROOT = iphoneos;
				SWIFT_COMPILATION_MODE = wholemodule;
				SWIFT_OPTIMIZATION_LEVEL = "-O";
				VALIDATE_PRODUCT = YES;
			};
			name = Release;
		};
		72F381992ADD3D86005549F1 /* Debug */ = {
			isa = XCBuildConfiguration;
			buildSettings = {
				ASSETCATALOG_COMPILER_APPICON_NAME = GapGin;
				ASSETCATALOG_COMPILER_GLOBAL_ACCENT_COLOR_NAME = "";
				CODE_SIGN_ENTITLEMENTS = "";
				CODE_SIGN_IDENTITY = "Apple Development";
				CODE_SIGN_STYLE = Automatic;
				CURRENT_PROJECT_VERSION = 1;
				DEBUG_INFORMATION_FORMAT = dwarf;
				DEVELOPMENT_ASSET_PATHS = "\"new-project/Preview Content\"";
				DEVELOPMENT_TEAM = D8NKKZTGWL;
				ENABLE_PREVIEWS = YES;
				GENERATE_INFOPLIST_FILE = YES;
				INFOPLIST_FILE = "new-project/Info.plist";
				INFOPLIST_KEY_CFBundleDisplayName = "Aircraft Temp Name";
				INFOPLIST_KEY_LSSupportsOpeningDocumentsInPlace = YES;
				INFOPLIST_KEY_NSPhotoLibraryAddUsageDescription = "The app wants to save an image to your gallery.";
				INFOPLIST_KEY_NSUserTrackingUsageDescription = tracking;
				INFOPLIST_KEY_UIApplicationSceneManifest_Generation = YES;
				INFOPLIST_KEY_UIApplicationSupportsIndirectInputEvents = YES;
				INFOPLIST_KEY_UILaunchScreen_Generation = YES;
				INFOPLIST_KEY_UISupportedInterfaceOrientations = UIInterfaceOrientationPortrait;
				IPHONEOS_DEPLOYMENT_TARGET = 15.0;
				LD_RUNPATH_SEARCH_PATHS = (
					"$(inherited)",
					"@executable_path/Frameworks",
				);
				MARKETING_VERSION = 1.0;
				PRODUCT_BUNDLE_IDENTIFIER = com.ram.vedant;
				PRODUCT_NAME = "$(TARGET_NAME)";
				PROVISIONING_PROFILE_SPECIFIER = "";
				SWIFT_EMIT_LOC_STRINGS = YES;
				SWIFT_VERSION = 5.0;
				TARGETED_DEVICE_FAMILY = "1,2";
			};
			name = Debug;
		};
		72F3819A2ADD3D86005549F1 /* Release */ = {
			isa = XCBuildConfiguration;
			buildSettings = {
				ASSETCATALOG_COMPILER_APPICON_NAME = GapGin;
				ASSETCATALOG_COMPILER_GLOBAL_ACCENT_COLOR_NAME = "";
				CODE_SIGN_ENTITLEMENTS = "";
				CODE_SIGN_IDENTITY = "Apple Development";
				CODE_SIGN_STYLE = Automatic;
				CURRENT_PROJECT_VERSION = 1;
				DEBUG_INFORMATION_FORMAT = dwarf;
				DEVELOPMENT_ASSET_PATHS = "\"new-project/Preview Content\"";
				DEVELOPMENT_TEAM = D8NKKZTGWL;
				ENABLE_PREVIEWS = YES;
				GENERATE_INFOPLIST_FILE = YES;
				INFOPLIST_FILE = "new-project/Info.plist";
				INFOPLIST_KEY_CFBundleDisplayName = "Aircraft Temp Name";
				INFOPLIST_KEY_LSSupportsOpeningDocumentsInPlace = YES;
				INFOPLIST_KEY_NSPhotoLibraryAddUsageDescription = "The app wants to save an image to your gallery.";
				INFOPLIST_KEY_NSUserTrackingUsageDescription = tracking;
				INFOPLIST_KEY_UIApplicationSceneManifest_Generation = YES;
				INFOPLIST_KEY_UIApplicationSupportsIndirectInputEvents = YES;
				INFOPLIST_KEY_UILaunchScreen_Generation = YES;
				INFOPLIST_KEY_UISupportedInterfaceOrientations = UIInterfaceOrientationPortrait;
				IPHONEOS_DEPLOYMENT_TARGET = 15.0;
				LD_RUNPATH_SEARCH_PATHS = (
					"$(inherited)",
					"@executable_path/Frameworks",
				);
				MARKETING_VERSION = 1.0;
				PRODUCT_BUNDLE_IDENTIFIER = com.ram.vedant;
				PRODUCT_NAME = "$(TARGET_NAME)";
				PROVISIONING_PROFILE_SPECIFIER = "";
				SWIFT_EMIT_LOC_STRINGS = YES;
				SWIFT_VERSION = 5.0;
				TARGETED_DEVICE_FAMILY = "1,2";
			};
			name = Release;
		};
/* End XCBuildConfiguration section */

/* Begin XCConfigurationList section */
		72F381802ADD3D80005549F1 /* Build configuration list for PBXProject "new-project" */ = {
			isa = XCConfigurationList;
			buildConfigurations = (
				72F381962ADD3D86005549F1 /* Debug */,
				72F381972ADD3D86005549F1 /* Release */,
			);
			defaultConfigurationIsVisible = 0;
			defaultConfigurationName = Release;
		};
		72F381982ADD3D86005549F1 /* Build configuration list for PBXNativeTarget "new-project" */ = {
			isa = XCConfigurationList;
			buildConfigurations = (
				72F381992ADD3D86005549F1 /* Debug */,
				72F3819A2ADD3D86005549F1 /* Release */,
			);
			defaultConfigurationIsVisible = 0;
			defaultConfigurationName = Release;
		};
/* End XCConfigurationList section */

/* Begin XCRemoteSwiftPackageReference section */
		72AD4A0E2AEBDCB300784D8A /* XCRemoteSwiftPackageReference "SwiftyDropbox" */ = {
			isa = XCRemoteSwiftPackageReference;
			repositoryURL = "https://github.com/dropbox/SwiftyDropbox.git";
			requirement = {
				kind = upToNextMajorVersion;
				minimumVersion = 9.2.0;
			};
		};
/* End XCRemoteSwiftPackageReference section */

/* Begin XCSwiftPackageProductDependency section */
		72AD4A0F2AEBDCB300784D8A /* SwiftyDropbox */ = {
			isa = XCSwiftPackageProductDependency;
			package = 72AD4A0E2AEBDCB300784D8A /* XCRemoteSwiftPackageReference "SwiftyDropbox" */;
			productName = SwiftyDropbox;
		};
/* End XCSwiftPackageProductDependency section */

/* Begin XCVersionGroup section */
		72F381932ADD3D86005549F1 /* mods_farming_simulator22.xcdatamodeld */ = {
			isa = XCVersionGroup;
			children = (
				72F381942ADD3D86005549F1 /* mods_farming_simulator22.xcdatamodel */,
			);
			currentVersion = 72F381942ADD3D86005549F1 /* mods_farming_simulator22.xcdatamodel */;
			path = mods_farming_simulator22.xcdatamodeld;
			sourceTree = "<group>";
			versionGroupType = wrapper.xcdatamodel;
		};
/* End XCVersionGroup section */
	};
	rootObject = 72F3817D2ADD3D80005549F1 /* Project object */;
}
